
Microsoft Visual Studio Solution File, Format Version 12.00
# Visual Studio 2013
VisualStudioVersion = 12.0.21005.1
MinimumVisualStudioVersion = 10.0.40219.1
Project("{FAE04EC0-301F-11D3-BF4B-00C04F79EFBC}") = "Integradora.Biblioteca", "Integradora.Biblioteca\Integradora.Biblioteca.csproj", "{9838092C-0298-4345-8609-B1457C3DE220}"
EndProject
Project("{FAE04EC0-301F-11D3-BF4B-00C04F79EFBC}") = "Integradora.Licenca", "Integradora.Licenca\Integradora.Licenca.csproj", "{2BE7C640-6FD1-4754-8031-76EA5D10F760}"
EndProject
Project("{FAE04EC0-301F-11D3-BF4B-00C04F79EFBC}") = "Integradora.ECommerce", "Integradora.ECommerce\Integradora.ECommerce.csproj", "{128091E7-33FD-47AF-B892-98B499C0E87B}"
EndProject
Project("{FAE04EC0-301F-11D3-BF4B-00C04F79EFBC}") = "Integradora.ECommerce.VTex", "Integradora.ECommerce.VTex\Integradora.ECommerce.VTex.csproj", "{2ED4172E-A8DD-4CC8-8E10-F6E02E6A4E9E}"
EndProject
Project("{FAE04EC0-301F-11D3-BF4B-00C04F79EFBC}") = "Integradora.ECommerce.UseAll", "Integradora.ECommerce.UseAll\Integradora.ECommerce.UseAll.csproj", "{AC8D4CBD-67B1-4F0F-B071-25902009DFD6}"
EndProject
Project("{FAE04EC0-301F-11D3-BF4B-00C04F79EFBC}") = "Integradora.ECommerce.IShopping", "Integradora.ECommerce.IShopping\Integradora.ECommerce.IShopping.csproj", "{E8358FDE-E4F5-41FC-A0D9-98B97B5EF95A}"
EndProject
Project("{FAE04EC0-301F-11D3-BF4B-00C04F79EFBC}") = "Integradora.ECommerce.Virtuemart", "Integradora.ECommerce.Virtuemart\Integradora.ECommerce.Virtuemart.csproj", "{C397E55F-73DD-4178-9814-20B776C1DA56}"
EndProject
Project("{FAE04EC0-301F-11D3-BF4B-00C04F79EFBC}") = "Integradora.ERP", "Integradora.ERP\Integradora.ERP.csproj", "{C2E10202-5C91-4B33-8F2F-A6E92982B5D6}"
EndProject
Project("{FAE04EC0-301F-11D3-BF4B-00C04F79EFBC}") = "Integradora.ERP.Winthor", "Integradora.ERP.Winthor\Integradora.ERP.Winthor.csproj", "{01442EDB-670D-4CC0-877D-00967FA880B1}"
EndProject
Project("{FAE04EC0-301F-11D3-BF4B-00C04F79EFBC}") = "Integradora.Servico", "Integradora.Servico\Integradora.Servico.csproj", "{DB816A59-1FA6-4A04-900D-2B2AA35D2B30}"
	ProjectSection(ProjectDependencies) = postProject
		{2365E34C-1481-4CD5-B0A2-D6CA298DEFD4} = {2365E34C-1481-4CD5-B0A2-D6CA298DEFD4}
	EndProjectSection
EndProject
Project("{FAE04EC0-301F-11D3-BF4B-00C04F79EFBC}") = "Integradora.Norma.Winthor", "Integradora.Norma.Winthor\Integradora.Norma.Winthor.csproj", "{11E5EAEB-D83B-4D84-BEDD-51FD6A7870E3}"
EndProject
Project("{FAE04EC0-301F-11D3-BF4B-00C04F79EFBC}") = "Integradora.Norma.Winthor.IShopping", "Integradora.Norma.Winthor.IShopping\Integradora.Norma.Winthor.IShopping.csproj", "{FD42CCFF-54A2-495D-8E1B-6DD72A81AC6F}"
EndProject
Project("{FAE04EC0-301F-11D3-BF4B-00C04F79EFBC}") = "Integradora.Norma.Winthor.UseAll", "Integradora.Norma.Winthor.UseAll\Integradora.Norma.Winthor.UseAll.csproj", "{0EB488D0-22DA-46BD-94EA-382E0ACC008D}"
EndProject
Project("{FAE04EC0-301F-11D3-BF4B-00C04F79EFBC}") = "Integradora.Norma.Winthor.Virtuemart", "Integradora.Norma.Winthor.Virtuemart\Integradora.Norma.Winthor.Virtuemart.csproj", "{054344B2-BA7E-4B07-AFDD-187C2D3B1347}"
EndProject
Project("{FAE04EC0-301F-11D3-BF4B-00C04F79EFBC}") = "Integradora.Norma.Winthor.VTex", "Integradora.Norma.Winthor.VTex\Integradora.Norma.Winthor.VTex.csproj", "{225084BF-8E51-4894-8EFE-01D6B645223C}"
EndProject
Project("{FAE04EC0-301F-11D3-BF4B-00C04F79EFBC}") = "Integradora.Norma", "Integradora.Norma\Integradora.Norma.csproj", "{164DD693-513A-42DA-9B8B-032E2F502504}"
EndProject
Project("{FAE04EC0-301F-11D3-BF4B-00C04F79EFBC}") = "Integradora.Database", "Integradora.Database\Integradora.Database.csproj", "{04E32B6D-2847-4BEB-AAB4-0561433BF63D}"
EndProject
Project("{FAE04EC0-301F-11D3-BF4B-00C04F79EFBC}") = "Integradora.Database.Oracle", "Integradora.Database.Oracle\Integradora.Database.Oracle.csproj", "{5BFAA3C1-E7FC-4F38-AC3B-3CA6EF9E5134}"
EndProject
Project("{FAE04EC0-301F-11D3-BF4B-00C04F79EFBC}") = "Integradora.Servico.Testes", "Integradora.Servico.Testes\Integradora.Servico.Testes.csproj", "{A52BA573-DEBB-44B8-8432-9345912BEAEE}"
	ProjectSection(ProjectDependencies) = postProject
		{2365E34C-1481-4CD5-B0A2-D6CA298DEFD4} = {2365E34C-1481-4CD5-B0A2-D6CA298DEFD4}
		{C460DCD8-764B-4BF7-8D43-FCC13B339A22} = {C460DCD8-764B-4BF7-8D43-FCC13B339A22}
	EndProjectSection
EndProject
Project("{FAE04EC0-301F-11D3-BF4B-00C04F79EFBC}") = "Integradora.Mensageiro", "Integradora.Mensageiro\Integradora.Mensageiro.csproj", "{8CDCBC5A-3B1C-433B-8BF0-7DEDBD6400BE}"
EndProject
Project("{FAE04EC0-301F-11D3-BF4B-00C04F79EFBC}") = "Integradora.ECommerce.FBits", "Integradora.ECommerce.FBits\Integradora.ECommerce.FBits.csproj", "{612CEAC8-0CF2-42A8-80C2-4D98501C10C4}"
EndProject
Project("{FAE04EC0-301F-11D3-BF4B-00C04F79EFBC}") = "Integradora.Norma.Winthor.FBits", "Integradora.Norma.Winthor.FBits\Integradora.Norma.Winthor.FBits.csproj", "{38D42932-DB31-4CD0-A1B2-DE2B2F303414}"
EndProject
Project("{FAE04EC0-301F-11D3-BF4B-00C04F79EFBC}") = "Integradora.CEP", "Integradora.CEP\Integradora.CEP.csproj", "{C8172DA1-02D4-4367-9597-DE577F3BA583}"
EndProject
Project("{FAE04EC0-301F-11D3-BF4B-00C04F79EFBC}") = "Integradora.ECommerce.Corpem", "Integradora.ECommerce.Corpem\Integradora.ECommerce.Corpem.csproj", "{1568353A-D3FC-4B05-8643-641298AA0DFE}"
	ProjectSection(ProjectDependencies) = postProject
		{2365E34C-1481-4CD5-B0A2-D6CA298DEFD4} = {2365E34C-1481-4CD5-B0A2-D6CA298DEFD4}
	EndProjectSection
EndProject
Project("{FAE04EC0-301F-11D3-BF4B-00C04F79EFBC}") = "Integradora.Norma.Winthor.Corpem", "Integradora.Norma.Winthor.Corpem\Integradora.Norma.Winthor.Corpem.csproj", "{255584EB-F13C-4A9A-ABAF-B2612DB8962A}"
EndProject
Project("{FAE04EC0-301F-11D3-BF4B-00C04F79EFBC}") = "Integradora.ECommerce.DataHub", "Integradora.ECommerce.DataHub\Integradora.ECommerce.DataHub.csproj", "{9FC9C419-DCB4-4AD8-9E9D-18E10E083EED}"
EndProject
Project("{FAE04EC0-301F-11D3-BF4B-00C04F79EFBC}") = "Integradora.Norma.Winthor.DataHub", "Integradora.Norma.Winthor.DataHub\Integradora.Norma.Winthor.DataHub.csproj", "{E43513D7-1ACD-4019-BDCB-33A03673E9CB}"
EndProject
Project("{FAE04EC0-301F-11D3-BF4B-00C04F79EFBC}") = "Integradora.WebserviceCorpem", "Integradora.WebserviceCorpem\Integradora.WebserviceCorpem.csproj", "{2365E34C-1481-4CD5-B0A2-D6CA298DEFD4}"
EndProject
Project("{FAE04EC0-301F-11D3-BF4B-00C04F79EFBC}") = "Integradora.ERP.Corpem", "Integradora.ERP.Corpem\Integradora.ERP.Corpem.csproj", "{FA91BC9B-DF63-4A74-B3E6-6D4222C8D3C3}"
EndProject
Project("{FAE04EC0-301F-11D3-BF4B-00C04F79EFBC}") = "Integradora.ECommerce.VTiger", "Integradora.ECommerce.VTiger\Integradora.ECommerce.VTiger.csproj", "{DE06354E-31A0-4D23-AA95-699B4DDB9508}"
EndProject
Project("{FAE04EC0-301F-11D3-BF4B-00C04F79EFBC}") = "Integradora.Norma.Winthor.VTiger", "Integradora.Norma.Winthor.VTiger\Integradora.Norma.Winthor.VTiger.csproj", "{0DFDD57E-B096-455A-9636-41E5292DE419}"
EndProject
Project("{FAE04EC0-301F-11D3-BF4B-00C04F79EFBC}") = "Integradora.Norma.Winthor.GsGroup", "Integradora.Norma.Winthor.GsGroup\Integradora.Norma.Winthor.GsGroup.csproj", "{E696E699-45C7-40BF-B741-DE696FA9F3C8}"
EndProject
Project("{FAE04EC0-301F-11D3-BF4B-00C04F79EFBC}") = "Integradora.ECommerce.GsGroup", "Integradora.ECommerce.GsGroup\Integradora.ECommerce.GsGroup.csproj", "{207A86DC-2F90-413A-9A29-272CDFA30A65}"
EndProject
Project("{FAE04EC0-301F-11D3-BF4B-00C04F79EFBC}") = "Integradora.ECommerce.OnLine", "Integradora.ECommerce.OnLine\Integradora.ECommerce.OnLine.csproj", "{AD4220D1-5C9F-4ABB-B1B2-76902E7C0948}"
EndProject
Project("{FAE04EC0-301F-11D3-BF4B-00C04F79EFBC}") = "Integradora.Norma.Winthor.OnLine", "Integradora.Norma.Winthor.OnLine\Integradora.Norma.Winthor.OnLine.csproj", "{33DE89FC-13F5-4BE0-ACDA-9EB6BCE9EABD}"
EndProject
Project("{FAE04EC0-301F-11D3-BF4B-00C04F79EFBC}") = "Integradora.Norma.Winthor.Protheus", "Integradora.Norma.Winthor.Protheus\Integradora.Norma.Winthor.Protheus.csproj", "{14AE7B33-D1C8-44ED-844E-EC29343C52B7}"
EndProject
Project("{FAE04EC0-301F-11D3-BF4B-00C04F79EFBC}") = "Integradora.ECommerce.Magento001", "Integradora.ECommerce.Magento001\Integradora.ECommerce.Magento001.csproj", "{591BA8B5-73AC-490F-B449-E4CB10A130FC}"
EndProject
Project("{FAE04EC0-301F-11D3-BF4B-00C04F79EFBC}") = "Integradora.ECommerce.Magento002", "Integradora.ECommerce.Magento002\Integradora.ECommerce.Magento002.csproj", "{502F87C6-78F7-40D4-BD10-58F7ABFBA459}"
EndProject
Project("{FAE04EC0-301F-11D3-BF4B-00C04F79EFBC}") = "Integradora.Norma.Winthor.Magento001", "Integradora.Norma.Winthor.Magento001\Integradora.Norma.Winthor.Magento001.csproj", "{52EF630F-3420-471F-AC92-8089474F3EB9}"
EndProject
Project("{FAE04EC0-301F-11D3-BF4B-00C04F79EFBC}") = "Integradora.Norma.Winthor.Magento002", "Integradora.Norma.Winthor.Magento002\Integradora.Norma.Winthor.Magento002.csproj", "{89C57CF1-5C28-4618-A7BF-5C543C62AAE9}"
EndProject
Project("{54435603-DBB4-11D2-8724-00A0C9A8B90C}") = "Setup", "Setup\Setup.vdproj", "{E208FC82-424B-457F-8EAD-D8BCD4F4CDEE}"
EndProject
Project("{FAE04EC0-301F-11D3-BF4B-00C04F79EFBC}") = "Integradora.ECommerce.Ajuri", "Integradora.ECommerce.Ajuri\Integradora.ECommerce.Ajuri.csproj", "{82CF5F52-F262-4FB0-AF3F-CF29B5677F7E}"
EndProject
Project("{FAE04EC0-301F-11D3-BF4B-00C04F79EFBC}") = "Integradora.Norma.Winthor.Ajuri", "Integradora.Norma.Winthor.Ajuri\Integradora.Norma.Winthor.Ajuri.csproj", "{4875DB08-A412-40E2-A10C-64C6C68C515E}"
EndProject
Project("{FAE04EC0-301F-11D3-BF4B-00C04F79EFBC}") = "Integradora.WebServiceOMBoat", "Integradora.WebServiceOMBoat\Integradora.WebServiceOMBoat.csproj", "{C460DCD8-764B-4BF7-8D43-FCC13B339A22}"
EndProject
Project("{FAE04EC0-301F-11D3-BF4B-00C04F79EFBC}") = "ManutencaoVTEX", "ManutencaoVTEX\ManutencaoVTEX.csproj", "{DA3CA0BA-DC91-4DA2-A6AC-80DD4189DD8D}"
EndProject
Project("{FAE04EC0-301F-11D3-BF4B-00C04F79EFBC}") = "Integradora.ECommerce.Tray", "Integradora.ECommerce.Tray\Integradora.ECommerce.Tray.csproj", "{18A97875-AD72-4DEC-A705-F912956EBA6C}"
EndProject
Project("{FAE04EC0-301F-11D3-BF4B-00C04F79EFBC}") = "Integradora.Norma.Winthor.Tray", "Integradora.Norma.Winthor.Tray\Integradora.Norma.Winthor.Tray.csproj", "{C50237BA-5E2D-49A5-B6B4-18BC31E7548D}"
EndProject
Project("{FAE04EC0-301F-11D3-BF4B-00C04F79EFBC}") = "ManutencaoMagento", "ManutencaoMagento\ManutencaoMagento.csproj", "{D953990C-EFFB-42A8-8DA5-4C46DD6D8B85}"
EndProject
Project("{FAE04EC0-301F-11D3-BF4B-00C04F79EFBC}") = "Integradora.ECommerce.Shoppub", "Integradora.ECommerce.Shoppub\Integradora.ECommerce.Shoppub.csproj", "{83AA20B8-FE20-4AB0-9BBD-4C291F8E6D07}"
EndProject
Project("{FAE04EC0-301F-11D3-BF4B-00C04F79EFBC}") = "Integradora.Norma.Winthor.Shoppub", "Integradora.Norma.Winthor.Shoppub\Integradora.Norma.Winthor.Shoppub.csproj", "{ABA156C6-C646-4BC7-A5D8-80B64690FD55}"
EndProject
Project("{2150E333-8FDC-42A3-9474-1A3956D46DE8}") = ".nuget", ".nuget", "{0475ECB5-F63D-41B1-862A-D11ED8652CB1}"
	ProjectSection(SolutionItems) = preProject
		.nuget\packages.config = .nuget\packages.config
	EndProjectSection
EndProject
Project("{FAE04EC0-301F-11D3-BF4B-00C04F79EFBC}") = "Integradora.ECommerce.Adena", "Integradora.ECommerce.Adena\Integradora.ECommerce.Adena.csproj", "{3B7A48D5-6FA3-4B4D-B9DC-924284FC7A37}"
EndProject
Project("{FAE04EC0-301F-11D3-BF4B-00C04F79EFBC}") = "Integradora.Norma.Winthor.Adena", "Integradora.Norma.Winthor.Adena\Integradora.Norma.Winthor.Adena.csproj", "{D85478F2-F263-4D87-B12E-6BBA67BAB048}"
EndProject
Global
	GlobalSection(SolutionConfigurationPlatforms) = preSolution
		CD_ROM|Any CPU = CD_ROM|Any CPU
		CD_ROM|ARM = CD_ROM|ARM
		CD_ROM|x86 = CD_ROM|x86
		Debug|Any CPU = Debug|Any CPU
		Debug|ARM = Debug|ARM
		Debug|x86 = Debug|x86
		DVD-5|Any CPU = DVD-5|Any CPU
		DVD-5|ARM = DVD-5|ARM
		DVD-5|x86 = DVD-5|x86
		Release|Any CPU = Release|Any CPU
		Release|ARM = Release|ARM
		Release|x86 = Release|x86
		SingleImage|Any CPU = SingleImage|Any CPU
		SingleImage|ARM = SingleImage|ARM
		SingleImage|x86 = SingleImage|x86
	EndGlobalSection
	GlobalSection(ProjectConfigurationPlatforms) = postSolution
		{9838092C-0298-4345-8609-B1457C3DE220}.CD_ROM|Any CPU.ActiveCfg = Release|Any CPU
		{9838092C-0298-4345-8609-B1457C3DE220}.CD_ROM|Any CPU.Build.0 = Release|Any CPU
		{9838092C-0298-4345-8609-B1457C3DE220}.CD_ROM|ARM.ActiveCfg = Debug|Any CPU
		{9838092C-0298-4345-8609-B1457C3DE220}.CD_ROM|x86.ActiveCfg = Debug|Any CPU
		{9838092C-0298-4345-8609-B1457C3DE220}.Debug|Any CPU.ActiveCfg = Debug|Any CPU
		{9838092C-0298-4345-8609-B1457C3DE220}.Debug|Any CPU.Build.0 = Debug|Any CPU
		{9838092C-0298-4345-8609-B1457C3DE220}.Debug|ARM.ActiveCfg = Debug|Any CPU
		{9838092C-0298-4345-8609-B1457C3DE220}.Debug|x86.ActiveCfg = Debug|Any CPU
		{9838092C-0298-4345-8609-B1457C3DE220}.DVD-5|Any CPU.ActiveCfg = Debug|Any CPU
		{9838092C-0298-4345-8609-B1457C3DE220}.DVD-5|Any CPU.Build.0 = Debug|Any CPU
		{9838092C-0298-4345-8609-B1457C3DE220}.DVD-5|ARM.ActiveCfg = Debug|Any CPU
		{9838092C-0298-4345-8609-B1457C3DE220}.DVD-5|x86.ActiveCfg = Debug|Any CPU
		{9838092C-0298-4345-8609-B1457C3DE220}.Release|Any CPU.ActiveCfg = Release|Any CPU
		{9838092C-0298-4345-8609-B1457C3DE220}.Release|Any CPU.Build.0 = Release|Any CPU
		{9838092C-0298-4345-8609-B1457C3DE220}.Release|ARM.ActiveCfg = Release|Any CPU
		{9838092C-0298-4345-8609-B1457C3DE220}.Release|x86.ActiveCfg = Release|Any CPU
		{9838092C-0298-4345-8609-B1457C3DE220}.SingleImage|Any CPU.ActiveCfg = Release|Any CPU
		{9838092C-0298-4345-8609-B1457C3DE220}.SingleImage|Any CPU.Build.0 = Release|Any CPU
		{9838092C-0298-4345-8609-B1457C3DE220}.SingleImage|ARM.ActiveCfg = Debug|Any CPU
		{9838092C-0298-4345-8609-B1457C3DE220}.SingleImage|x86.ActiveCfg = Debug|Any CPU
		{2BE7C640-6FD1-4754-8031-76EA5D10F760}.CD_ROM|Any CPU.ActiveCfg = Release|Any CPU
		{2BE7C640-6FD1-4754-8031-76EA5D10F760}.CD_ROM|Any CPU.Build.0 = Release|Any CPU
		{2BE7C640-6FD1-4754-8031-76EA5D10F760}.CD_ROM|ARM.ActiveCfg = Debug|Any CPU
		{2BE7C640-6FD1-4754-8031-76EA5D10F760}.CD_ROM|x86.ActiveCfg = Debug|Any CPU
		{2BE7C640-6FD1-4754-8031-76EA5D10F760}.Debug|Any CPU.ActiveCfg = Debug|Any CPU
		{2BE7C640-6FD1-4754-8031-76EA5D10F760}.Debug|Any CPU.Build.0 = Debug|Any CPU
		{2BE7C640-6FD1-4754-8031-76EA5D10F760}.Debug|ARM.ActiveCfg = Debug|Any CPU
		{2BE7C640-6FD1-4754-8031-76EA5D10F760}.Debug|x86.ActiveCfg = Debug|Any CPU
		{2BE7C640-6FD1-4754-8031-76EA5D10F760}.DVD-5|Any CPU.ActiveCfg = Debug|Any CPU
		{2BE7C640-6FD1-4754-8031-76EA5D10F760}.DVD-5|Any CPU.Build.0 = Debug|Any CPU
		{2BE7C640-6FD1-4754-8031-76EA5D10F760}.DVD-5|ARM.ActiveCfg = Debug|Any CPU
		{2BE7C640-6FD1-4754-8031-76EA5D10F760}.DVD-5|x86.ActiveCfg = Debug|Any CPU
		{2BE7C640-6FD1-4754-8031-76EA5D10F760}.Release|Any CPU.ActiveCfg = Release|Any CPU
		{2BE7C640-6FD1-4754-8031-76EA5D10F760}.Release|Any CPU.Build.0 = Release|Any CPU
		{2BE7C640-6FD1-4754-8031-76EA5D10F760}.Release|ARM.ActiveCfg = Release|Any CPU
		{2BE7C640-6FD1-4754-8031-76EA5D10F760}.Release|x86.ActiveCfg = Release|Any CPU
		{2BE7C640-6FD1-4754-8031-76EA5D10F760}.SingleImage|Any CPU.ActiveCfg = Release|Any CPU
		{2BE7C640-6FD1-4754-8031-76EA5D10F760}.SingleImage|Any CPU.Build.0 = Release|Any CPU
		{2BE7C640-6FD1-4754-8031-76EA5D10F760}.SingleImage|ARM.ActiveCfg = Debug|Any CPU
		{2BE7C640-6FD1-4754-8031-76EA5D10F760}.SingleImage|x86.ActiveCfg = Debug|Any CPU
		{128091E7-33FD-47AF-B892-98B499C0E87B}.CD_ROM|Any CPU.ActiveCfg = Release|Any CPU
		{128091E7-33FD-47AF-B892-98B499C0E87B}.CD_ROM|Any CPU.Build.0 = Release|Any CPU
		{128091E7-33FD-47AF-B892-98B499C0E87B}.CD_ROM|ARM.ActiveCfg = Debug|Any CPU
		{128091E7-33FD-47AF-B892-98B499C0E87B}.CD_ROM|x86.ActiveCfg = Debug|Any CPU
		{128091E7-33FD-47AF-B892-98B499C0E87B}.Debug|Any CPU.ActiveCfg = Debug|Any CPU
		{128091E7-33FD-47AF-B892-98B499C0E87B}.Debug|Any CPU.Build.0 = Debug|Any CPU
		{128091E7-33FD-47AF-B892-98B499C0E87B}.Debug|ARM.ActiveCfg = Debug|Any CPU
		{128091E7-33FD-47AF-B892-98B499C0E87B}.Debug|x86.ActiveCfg = Debug|Any CPU
		{128091E7-33FD-47AF-B892-98B499C0E87B}.DVD-5|Any CPU.ActiveCfg = Debug|Any CPU
		{128091E7-33FD-47AF-B892-98B499C0E87B}.DVD-5|Any CPU.Build.0 = Debug|Any CPU
		{128091E7-33FD-47AF-B892-98B499C0E87B}.DVD-5|ARM.ActiveCfg = Debug|Any CPU
		{128091E7-33FD-47AF-B892-98B499C0E87B}.DVD-5|x86.ActiveCfg = Debug|Any CPU
		{128091E7-33FD-47AF-B892-98B499C0E87B}.Release|Any CPU.ActiveCfg = Release|Any CPU
		{128091E7-33FD-47AF-B892-98B499C0E87B}.Release|Any CPU.Build.0 = Release|Any CPU
		{128091E7-33FD-47AF-B892-98B499C0E87B}.Release|ARM.ActiveCfg = Release|Any CPU
		{128091E7-33FD-47AF-B892-98B499C0E87B}.Release|x86.ActiveCfg = Release|Any CPU
		{128091E7-33FD-47AF-B892-98B499C0E87B}.SingleImage|Any CPU.ActiveCfg = Release|Any CPU
		{128091E7-33FD-47AF-B892-98B499C0E87B}.SingleImage|Any CPU.Build.0 = Release|Any CPU
		{128091E7-33FD-47AF-B892-98B499C0E87B}.SingleImage|ARM.ActiveCfg = Debug|Any CPU
		{128091E7-33FD-47AF-B892-98B499C0E87B}.SingleImage|x86.ActiveCfg = Debug|Any CPU
		{2ED4172E-A8DD-4CC8-8E10-F6E02E6A4E9E}.CD_ROM|Any CPU.ActiveCfg = Release|Any CPU
		{2ED4172E-A8DD-4CC8-8E10-F6E02E6A4E9E}.CD_ROM|Any CPU.Build.0 = Release|Any CPU
		{2ED4172E-A8DD-4CC8-8E10-F6E02E6A4E9E}.CD_ROM|ARM.ActiveCfg = Debug|Any CPU
		{2ED4172E-A8DD-4CC8-8E10-F6E02E6A4E9E}.CD_ROM|x86.ActiveCfg = Debug|Any CPU
		{2ED4172E-A8DD-4CC8-8E10-F6E02E6A4E9E}.Debug|Any CPU.ActiveCfg = Debug|Any CPU
		{2ED4172E-A8DD-4CC8-8E10-F6E02E6A4E9E}.Debug|Any CPU.Build.0 = Debug|Any CPU
		{2ED4172E-A8DD-4CC8-8E10-F6E02E6A4E9E}.Debug|ARM.ActiveCfg = Debug|Any CPU
		{2ED4172E-A8DD-4CC8-8E10-F6E02E6A4E9E}.Debug|x86.ActiveCfg = Debug|Any CPU
		{2ED4172E-A8DD-4CC8-8E10-F6E02E6A4E9E}.DVD-5|Any CPU.ActiveCfg = Debug|Any CPU
		{2ED4172E-A8DD-4CC8-8E10-F6E02E6A4E9E}.DVD-5|Any CPU.Build.0 = Debug|Any CPU
		{2ED4172E-A8DD-4CC8-8E10-F6E02E6A4E9E}.DVD-5|ARM.ActiveCfg = Debug|Any CPU
		{2ED4172E-A8DD-4CC8-8E10-F6E02E6A4E9E}.DVD-5|x86.ActiveCfg = Debug|Any CPU
		{2ED4172E-A8DD-4CC8-8E10-F6E02E6A4E9E}.Release|Any CPU.ActiveCfg = Release|Any CPU
		{2ED4172E-A8DD-4CC8-8E10-F6E02E6A4E9E}.Release|Any CPU.Build.0 = Release|Any CPU
		{2ED4172E-A8DD-4CC8-8E10-F6E02E6A4E9E}.Release|ARM.ActiveCfg = Release|Any CPU
		{2ED4172E-A8DD-4CC8-8E10-F6E02E6A4E9E}.Release|x86.ActiveCfg = Release|Any CPU
		{2ED4172E-A8DD-4CC8-8E10-F6E02E6A4E9E}.SingleImage|Any CPU.ActiveCfg = Release|Any CPU
		{2ED4172E-A8DD-4CC8-8E10-F6E02E6A4E9E}.SingleImage|Any CPU.Build.0 = Release|Any CPU
		{2ED4172E-A8DD-4CC8-8E10-F6E02E6A4E9E}.SingleImage|ARM.ActiveCfg = Debug|Any CPU
		{2ED4172E-A8DD-4CC8-8E10-F6E02E6A4E9E}.SingleImage|x86.ActiveCfg = Debug|Any CPU
		{AC8D4CBD-67B1-4F0F-B071-25902009DFD6}.CD_ROM|Any CPU.ActiveCfg = Release|Any CPU
		{AC8D4CBD-67B1-4F0F-B071-25902009DFD6}.CD_ROM|Any CPU.Build.0 = Release|Any CPU
		{AC8D4CBD-67B1-4F0F-B071-25902009DFD6}.CD_ROM|ARM.ActiveCfg = Debug|Any CPU
		{AC8D4CBD-67B1-4F0F-B071-25902009DFD6}.CD_ROM|x86.ActiveCfg = Debug|Any CPU
		{AC8D4CBD-67B1-4F0F-B071-25902009DFD6}.Debug|Any CPU.ActiveCfg = Debug|Any CPU
		{AC8D4CBD-67B1-4F0F-B071-25902009DFD6}.Debug|Any CPU.Build.0 = Debug|Any CPU
		{AC8D4CBD-67B1-4F0F-B071-25902009DFD6}.Debug|ARM.ActiveCfg = Debug|Any CPU
		{AC8D4CBD-67B1-4F0F-B071-25902009DFD6}.Debug|x86.ActiveCfg = Debug|Any CPU
		{AC8D4CBD-67B1-4F0F-B071-25902009DFD6}.DVD-5|Any CPU.ActiveCfg = Debug|Any CPU
		{AC8D4CBD-67B1-4F0F-B071-25902009DFD6}.DVD-5|Any CPU.Build.0 = Debug|Any CPU
		{AC8D4CBD-67B1-4F0F-B071-25902009DFD6}.DVD-5|ARM.ActiveCfg = Debug|Any CPU
		{AC8D4CBD-67B1-4F0F-B071-25902009DFD6}.DVD-5|x86.ActiveCfg = Debug|Any CPU
		{AC8D4CBD-67B1-4F0F-B071-25902009DFD6}.Release|Any CPU.ActiveCfg = Release|Any CPU
		{AC8D4CBD-67B1-4F0F-B071-25902009DFD6}.Release|Any CPU.Build.0 = Release|Any CPU
		{AC8D4CBD-67B1-4F0F-B071-25902009DFD6}.Release|ARM.ActiveCfg = Release|Any CPU
		{AC8D4CBD-67B1-4F0F-B071-25902009DFD6}.Release|x86.ActiveCfg = Release|Any CPU
		{AC8D4CBD-67B1-4F0F-B071-25902009DFD6}.SingleImage|Any CPU.ActiveCfg = Release|Any CPU
		{AC8D4CBD-67B1-4F0F-B071-25902009DFD6}.SingleImage|Any CPU.Build.0 = Release|Any CPU
		{AC8D4CBD-67B1-4F0F-B071-25902009DFD6}.SingleImage|ARM.ActiveCfg = Debug|Any CPU
		{AC8D4CBD-67B1-4F0F-B071-25902009DFD6}.SingleImage|x86.ActiveCfg = Debug|Any CPU
		{E8358FDE-E4F5-41FC-A0D9-98B97B5EF95A}.CD_ROM|Any CPU.ActiveCfg = Release|Any CPU
		{E8358FDE-E4F5-41FC-A0D9-98B97B5EF95A}.CD_ROM|Any CPU.Build.0 = Release|Any CPU
		{E8358FDE-E4F5-41FC-A0D9-98B97B5EF95A}.CD_ROM|ARM.ActiveCfg = Debug|Any CPU
		{E8358FDE-E4F5-41FC-A0D9-98B97B5EF95A}.CD_ROM|x86.ActiveCfg = Debug|Any CPU
		{E8358FDE-E4F5-41FC-A0D9-98B97B5EF95A}.Debug|Any CPU.ActiveCfg = Debug|Any CPU
		{E8358FDE-E4F5-41FC-A0D9-98B97B5EF95A}.Debug|Any CPU.Build.0 = Debug|Any CPU
		{E8358FDE-E4F5-41FC-A0D9-98B97B5EF95A}.Debug|ARM.ActiveCfg = Debug|Any CPU
		{E8358FDE-E4F5-41FC-A0D9-98B97B5EF95A}.Debug|x86.ActiveCfg = Debug|Any CPU
		{E8358FDE-E4F5-41FC-A0D9-98B97B5EF95A}.DVD-5|Any CPU.ActiveCfg = Debug|Any CPU
		{E8358FDE-E4F5-41FC-A0D9-98B97B5EF95A}.DVD-5|Any CPU.Build.0 = Debug|Any CPU
		{E8358FDE-E4F5-41FC-A0D9-98B97B5EF95A}.DVD-5|ARM.ActiveCfg = Debug|Any CPU
		{E8358FDE-E4F5-41FC-A0D9-98B97B5EF95A}.DVD-5|x86.ActiveCfg = Debug|Any CPU
		{E8358FDE-E4F5-41FC-A0D9-98B97B5EF95A}.Release|Any CPU.ActiveCfg = Release|Any CPU
		{E8358FDE-E4F5-41FC-A0D9-98B97B5EF95A}.Release|Any CPU.Build.0 = Release|Any CPU
		{E8358FDE-E4F5-41FC-A0D9-98B97B5EF95A}.Release|ARM.ActiveCfg = Release|Any CPU
		{E8358FDE-E4F5-41FC-A0D9-98B97B5EF95A}.Release|x86.ActiveCfg = Release|Any CPU
		{E8358FDE-E4F5-41FC-A0D9-98B97B5EF95A}.SingleImage|Any CPU.ActiveCfg = Release|Any CPU
		{E8358FDE-E4F5-41FC-A0D9-98B97B5EF95A}.SingleImage|Any CPU.Build.0 = Release|Any CPU
		{E8358FDE-E4F5-41FC-A0D9-98B97B5EF95A}.SingleImage|ARM.ActiveCfg = Debug|Any CPU
		{E8358FDE-E4F5-41FC-A0D9-98B97B5EF95A}.SingleImage|x86.ActiveCfg = Debug|Any CPU
		{C397E55F-73DD-4178-9814-20B776C1DA56}.CD_ROM|Any CPU.ActiveCfg = Release|Any CPU
		{C397E55F-73DD-4178-9814-20B776C1DA56}.CD_ROM|Any CPU.Build.0 = Release|Any CPU
		{C397E55F-73DD-4178-9814-20B776C1DA56}.CD_ROM|ARM.ActiveCfg = Debug|Any CPU
		{C397E55F-73DD-4178-9814-20B776C1DA56}.CD_ROM|x86.ActiveCfg = Debug|Any CPU
		{C397E55F-73DD-4178-9814-20B776C1DA56}.Debug|Any CPU.ActiveCfg = Debug|Any CPU
		{C397E55F-73DD-4178-9814-20B776C1DA56}.Debug|Any CPU.Build.0 = Debug|Any CPU
		{C397E55F-73DD-4178-9814-20B776C1DA56}.Debug|ARM.ActiveCfg = Debug|Any CPU
		{C397E55F-73DD-4178-9814-20B776C1DA56}.Debug|x86.ActiveCfg = Debug|Any CPU
		{C397E55F-73DD-4178-9814-20B776C1DA56}.DVD-5|Any CPU.ActiveCfg = Debug|Any CPU
		{C397E55F-73DD-4178-9814-20B776C1DA56}.DVD-5|Any CPU.Build.0 = Debug|Any CPU
		{C397E55F-73DD-4178-9814-20B776C1DA56}.DVD-5|ARM.ActiveCfg = Debug|Any CPU
		{C397E55F-73DD-4178-9814-20B776C1DA56}.DVD-5|x86.ActiveCfg = Debug|Any CPU
		{C397E55F-73DD-4178-9814-20B776C1DA56}.Release|Any CPU.ActiveCfg = Release|Any CPU
		{C397E55F-73DD-4178-9814-20B776C1DA56}.Release|Any CPU.Build.0 = Release|Any CPU
		{C397E55F-73DD-4178-9814-20B776C1DA56}.Release|ARM.ActiveCfg = Release|Any CPU
		{C397E55F-73DD-4178-9814-20B776C1DA56}.Release|x86.ActiveCfg = Release|Any CPU
		{C397E55F-73DD-4178-9814-20B776C1DA56}.SingleImage|Any CPU.ActiveCfg = Release|Any CPU
		{C397E55F-73DD-4178-9814-20B776C1DA56}.SingleImage|Any CPU.Build.0 = Release|Any CPU
		{C397E55F-73DD-4178-9814-20B776C1DA56}.SingleImage|ARM.ActiveCfg = Debug|Any CPU
		{C397E55F-73DD-4178-9814-20B776C1DA56}.SingleImage|x86.ActiveCfg = Debug|Any CPU
		{C2E10202-5C91-4B33-8F2F-A6E92982B5D6}.CD_ROM|Any CPU.ActiveCfg = Release|Any CPU
		{C2E10202-5C91-4B33-8F2F-A6E92982B5D6}.CD_ROM|Any CPU.Build.0 = Release|Any CPU
		{C2E10202-5C91-4B33-8F2F-A6E92982B5D6}.CD_ROM|ARM.ActiveCfg = Debug|Any CPU
		{C2E10202-5C91-4B33-8F2F-A6E92982B5D6}.CD_ROM|x86.ActiveCfg = Debug|Any CPU
		{C2E10202-5C91-4B33-8F2F-A6E92982B5D6}.Debug|Any CPU.ActiveCfg = Debug|Any CPU
		{C2E10202-5C91-4B33-8F2F-A6E92982B5D6}.Debug|Any CPU.Build.0 = Debug|Any CPU
		{C2E10202-5C91-4B33-8F2F-A6E92982B5D6}.Debug|ARM.ActiveCfg = Debug|Any CPU
		{C2E10202-5C91-4B33-8F2F-A6E92982B5D6}.Debug|x86.ActiveCfg = Debug|Any CPU
		{C2E10202-5C91-4B33-8F2F-A6E92982B5D6}.DVD-5|Any CPU.ActiveCfg = Debug|Any CPU
		{C2E10202-5C91-4B33-8F2F-A6E92982B5D6}.DVD-5|Any CPU.Build.0 = Debug|Any CPU
		{C2E10202-5C91-4B33-8F2F-A6E92982B5D6}.DVD-5|ARM.ActiveCfg = Debug|Any CPU
		{C2E10202-5C91-4B33-8F2F-A6E92982B5D6}.DVD-5|x86.ActiveCfg = Debug|Any CPU
		{C2E10202-5C91-4B33-8F2F-A6E92982B5D6}.Release|Any CPU.ActiveCfg = Release|Any CPU
		{C2E10202-5C91-4B33-8F2F-A6E92982B5D6}.Release|Any CPU.Build.0 = Release|Any CPU
		{C2E10202-5C91-4B33-8F2F-A6E92982B5D6}.Release|ARM.ActiveCfg = Release|Any CPU
		{C2E10202-5C91-4B33-8F2F-A6E92982B5D6}.Release|x86.ActiveCfg = Release|Any CPU
		{C2E10202-5C91-4B33-8F2F-A6E92982B5D6}.SingleImage|Any CPU.ActiveCfg = Release|Any CPU
		{C2E10202-5C91-4B33-8F2F-A6E92982B5D6}.SingleImage|Any CPU.Build.0 = Release|Any CPU
		{C2E10202-5C91-4B33-8F2F-A6E92982B5D6}.SingleImage|ARM.ActiveCfg = Debug|Any CPU
		{C2E10202-5C91-4B33-8F2F-A6E92982B5D6}.SingleImage|x86.ActiveCfg = Debug|Any CPU
		{01442EDB-670D-4CC0-877D-00967FA880B1}.CD_ROM|Any CPU.ActiveCfg = Release|Any CPU
		{01442EDB-670D-4CC0-877D-00967FA880B1}.CD_ROM|Any CPU.Build.0 = Release|Any CPU
		{01442EDB-670D-4CC0-877D-00967FA880B1}.CD_ROM|ARM.ActiveCfg = Debug|Any CPU
		{01442EDB-670D-4CC0-877D-00967FA880B1}.CD_ROM|x86.ActiveCfg = Debug|Any CPU
		{01442EDB-670D-4CC0-877D-00967FA880B1}.Debug|Any CPU.ActiveCfg = Debug|Any CPU
		{01442EDB-670D-4CC0-877D-00967FA880B1}.Debug|Any CPU.Build.0 = Debug|Any CPU
		{01442EDB-670D-4CC0-877D-00967FA880B1}.Debug|ARM.ActiveCfg = Debug|Any CPU
		{01442EDB-670D-4CC0-877D-00967FA880B1}.Debug|x86.ActiveCfg = Debug|Any CPU
		{01442EDB-670D-4CC0-877D-00967FA880B1}.DVD-5|Any CPU.ActiveCfg = Debug|Any CPU
		{01442EDB-670D-4CC0-877D-00967FA880B1}.DVD-5|Any CPU.Build.0 = Debug|Any CPU
		{01442EDB-670D-4CC0-877D-00967FA880B1}.DVD-5|ARM.ActiveCfg = Debug|Any CPU
		{01442EDB-670D-4CC0-877D-00967FA880B1}.DVD-5|x86.ActiveCfg = Debug|Any CPU
		{01442EDB-670D-4CC0-877D-00967FA880B1}.Release|Any CPU.ActiveCfg = Release|Any CPU
		{01442EDB-670D-4CC0-877D-00967FA880B1}.Release|Any CPU.Build.0 = Release|Any CPU
		{01442EDB-670D-4CC0-877D-00967FA880B1}.Release|ARM.ActiveCfg = Release|Any CPU
		{01442EDB-670D-4CC0-877D-00967FA880B1}.Release|x86.ActiveCfg = Release|Any CPU
		{01442EDB-670D-4CC0-877D-00967FA880B1}.SingleImage|Any CPU.ActiveCfg = Release|Any CPU
		{01442EDB-670D-4CC0-877D-00967FA880B1}.SingleImage|Any CPU.Build.0 = Release|Any CPU
		{01442EDB-670D-4CC0-877D-00967FA880B1}.SingleImage|ARM.ActiveCfg = Debug|Any CPU
		{01442EDB-670D-4CC0-877D-00967FA880B1}.SingleImage|x86.ActiveCfg = Debug|Any CPU
		{DB816A59-1FA6-4A04-900D-2B2AA35D2B30}.CD_ROM|Any CPU.ActiveCfg = Release|Any CPU
		{DB816A59-1FA6-4A04-900D-2B2AA35D2B30}.CD_ROM|Any CPU.Build.0 = Release|Any CPU
		{DB816A59-1FA6-4A04-900D-2B2AA35D2B30}.CD_ROM|ARM.ActiveCfg = Debug|Any CPU
		{DB816A59-1FA6-4A04-900D-2B2AA35D2B30}.CD_ROM|x86.ActiveCfg = Debug|Any CPU
		{DB816A59-1FA6-4A04-900D-2B2AA35D2B30}.Debug|Any CPU.ActiveCfg = Debug|Any CPU
		{DB816A59-1FA6-4A04-900D-2B2AA35D2B30}.Debug|Any CPU.Build.0 = Debug|Any CPU
		{DB816A59-1FA6-4A04-900D-2B2AA35D2B30}.Debug|ARM.ActiveCfg = Debug|Any CPU
		{DB816A59-1FA6-4A04-900D-2B2AA35D2B30}.Debug|x86.ActiveCfg = Debug|Any CPU
		{DB816A59-1FA6-4A04-900D-2B2AA35D2B30}.DVD-5|Any CPU.ActiveCfg = Debug|Any CPU
		{DB816A59-1FA6-4A04-900D-2B2AA35D2B30}.DVD-5|Any CPU.Build.0 = Debug|Any CPU
		{DB816A59-1FA6-4A04-900D-2B2AA35D2B30}.DVD-5|ARM.ActiveCfg = Debug|Any CPU
		{DB816A59-1FA6-4A04-900D-2B2AA35D2B30}.DVD-5|x86.ActiveCfg = Debug|Any CPU
		{DB816A59-1FA6-4A04-900D-2B2AA35D2B30}.Release|Any CPU.ActiveCfg = Release|Any CPU
		{DB816A59-1FA6-4A04-900D-2B2AA35D2B30}.Release|Any CPU.Build.0 = Release|Any CPU
		{DB816A59-1FA6-4A04-900D-2B2AA35D2B30}.Release|ARM.ActiveCfg = Release|Any CPU
		{DB816A59-1FA6-4A04-900D-2B2AA35D2B30}.Release|x86.ActiveCfg = Release|Any CPU
		{DB816A59-1FA6-4A04-900D-2B2AA35D2B30}.SingleImage|Any CPU.ActiveCfg = Release|Any CPU
		{DB816A59-1FA6-4A04-900D-2B2AA35D2B30}.SingleImage|Any CPU.Build.0 = Release|Any CPU
		{DB816A59-1FA6-4A04-900D-2B2AA35D2B30}.SingleImage|ARM.ActiveCfg = Debug|Any CPU
		{DB816A59-1FA6-4A04-900D-2B2AA35D2B30}.SingleImage|x86.ActiveCfg = Debug|Any CPU
		{11E5EAEB-D83B-4D84-BEDD-51FD6A7870E3}.CD_ROM|Any CPU.ActiveCfg = Release|Any CPU
		{11E5EAEB-D83B-4D84-BEDD-51FD6A7870E3}.CD_ROM|Any CPU.Build.0 = Release|Any CPU
		{11E5EAEB-D83B-4D84-BEDD-51FD6A7870E3}.CD_ROM|ARM.ActiveCfg = Debug|Any CPU
		{11E5EAEB-D83B-4D84-BEDD-51FD6A7870E3}.CD_ROM|x86.ActiveCfg = Debug|Any CPU
		{11E5EAEB-D83B-4D84-BEDD-51FD6A7870E3}.Debug|Any CPU.ActiveCfg = Debug|Any CPU
		{11E5EAEB-D83B-4D84-BEDD-51FD6A7870E3}.Debug|Any CPU.Build.0 = Debug|Any CPU
		{11E5EAEB-D83B-4D84-BEDD-51FD6A7870E3}.Debug|ARM.ActiveCfg = Debug|Any CPU
		{11E5EAEB-D83B-4D84-BEDD-51FD6A7870E3}.Debug|x86.ActiveCfg = Debug|Any CPU
		{11E5EAEB-D83B-4D84-BEDD-51FD6A7870E3}.DVD-5|Any CPU.ActiveCfg = Debug|Any CPU
		{11E5EAEB-D83B-4D84-BEDD-51FD6A7870E3}.DVD-5|Any CPU.Build.0 = Debug|Any CPU
		{11E5EAEB-D83B-4D84-BEDD-51FD6A7870E3}.DVD-5|ARM.ActiveCfg = Debug|Any CPU
		{11E5EAEB-D83B-4D84-BEDD-51FD6A7870E3}.DVD-5|x86.ActiveCfg = Debug|Any CPU
		{11E5EAEB-D83B-4D84-BEDD-51FD6A7870E3}.Release|Any CPU.ActiveCfg = Release|Any CPU
		{11E5EAEB-D83B-4D84-BEDD-51FD6A7870E3}.Release|Any CPU.Build.0 = Release|Any CPU
		{11E5EAEB-D83B-4D84-BEDD-51FD6A7870E3}.Release|ARM.ActiveCfg = Release|Any CPU
		{11E5EAEB-D83B-4D84-BEDD-51FD6A7870E3}.Release|x86.ActiveCfg = Release|Any CPU
		{11E5EAEB-D83B-4D84-BEDD-51FD6A7870E3}.SingleImage|Any CPU.ActiveCfg = Release|Any CPU
		{11E5EAEB-D83B-4D84-BEDD-51FD6A7870E3}.SingleImage|Any CPU.Build.0 = Release|Any CPU
		{11E5EAEB-D83B-4D84-BEDD-51FD6A7870E3}.SingleImage|ARM.ActiveCfg = Debug|Any CPU
		{11E5EAEB-D83B-4D84-BEDD-51FD6A7870E3}.SingleImage|x86.ActiveCfg = Debug|Any CPU
		{FD42CCFF-54A2-495D-8E1B-6DD72A81AC6F}.CD_ROM|Any CPU.ActiveCfg = Release|Any CPU
		{FD42CCFF-54A2-495D-8E1B-6DD72A81AC6F}.CD_ROM|Any CPU.Build.0 = Release|Any CPU
		{FD42CCFF-54A2-495D-8E1B-6DD72A81AC6F}.CD_ROM|ARM.ActiveCfg = Debug|Any CPU
		{FD42CCFF-54A2-495D-8E1B-6DD72A81AC6F}.CD_ROM|x86.ActiveCfg = Debug|Any CPU
		{FD42CCFF-54A2-495D-8E1B-6DD72A81AC6F}.Debug|Any CPU.ActiveCfg = Debug|Any CPU
		{FD42CCFF-54A2-495D-8E1B-6DD72A81AC6F}.Debug|Any CPU.Build.0 = Debug|Any CPU
		{FD42CCFF-54A2-495D-8E1B-6DD72A81AC6F}.Debug|ARM.ActiveCfg = Debug|Any CPU
		{FD42CCFF-54A2-495D-8E1B-6DD72A81AC6F}.Debug|x86.ActiveCfg = Debug|Any CPU
		{FD42CCFF-54A2-495D-8E1B-6DD72A81AC6F}.DVD-5|Any CPU.ActiveCfg = Debug|Any CPU
		{FD42CCFF-54A2-495D-8E1B-6DD72A81AC6F}.DVD-5|Any CPU.Build.0 = Debug|Any CPU
		{FD42CCFF-54A2-495D-8E1B-6DD72A81AC6F}.DVD-5|ARM.ActiveCfg = Debug|Any CPU
		{FD42CCFF-54A2-495D-8E1B-6DD72A81AC6F}.DVD-5|x86.ActiveCfg = Debug|Any CPU
		{FD42CCFF-54A2-495D-8E1B-6DD72A81AC6F}.Release|Any CPU.ActiveCfg = Release|Any CPU
		{FD42CCFF-54A2-495D-8E1B-6DD72A81AC6F}.Release|Any CPU.Build.0 = Release|Any CPU
		{FD42CCFF-54A2-495D-8E1B-6DD72A81AC6F}.Release|ARM.ActiveCfg = Release|Any CPU
		{FD42CCFF-54A2-495D-8E1B-6DD72A81AC6F}.Release|x86.ActiveCfg = Release|Any CPU
		{FD42CCFF-54A2-495D-8E1B-6DD72A81AC6F}.SingleImage|Any CPU.ActiveCfg = Release|Any CPU
		{FD42CCFF-54A2-495D-8E1B-6DD72A81AC6F}.SingleImage|Any CPU.Build.0 = Release|Any CPU
		{FD42CCFF-54A2-495D-8E1B-6DD72A81AC6F}.SingleImage|ARM.ActiveCfg = Debug|Any CPU
		{FD42CCFF-54A2-495D-8E1B-6DD72A81AC6F}.SingleImage|x86.ActiveCfg = Debug|Any CPU
		{0EB488D0-22DA-46BD-94EA-382E0ACC008D}.CD_ROM|Any CPU.ActiveCfg = Release|Any CPU
		{0EB488D0-22DA-46BD-94EA-382E0ACC008D}.CD_ROM|Any CPU.Build.0 = Release|Any CPU
		{0EB488D0-22DA-46BD-94EA-382E0ACC008D}.CD_ROM|ARM.ActiveCfg = Debug|Any CPU
		{0EB488D0-22DA-46BD-94EA-382E0ACC008D}.CD_ROM|x86.ActiveCfg = Debug|Any CPU
		{0EB488D0-22DA-46BD-94EA-382E0ACC008D}.Debug|Any CPU.ActiveCfg = Debug|Any CPU
		{0EB488D0-22DA-46BD-94EA-382E0ACC008D}.Debug|Any CPU.Build.0 = Debug|Any CPU
		{0EB488D0-22DA-46BD-94EA-382E0ACC008D}.Debug|ARM.ActiveCfg = Debug|Any CPU
		{0EB488D0-22DA-46BD-94EA-382E0ACC008D}.Debug|x86.ActiveCfg = Debug|Any CPU
		{0EB488D0-22DA-46BD-94EA-382E0ACC008D}.DVD-5|Any CPU.ActiveCfg = Debug|Any CPU
		{0EB488D0-22DA-46BD-94EA-382E0ACC008D}.DVD-5|Any CPU.Build.0 = Debug|Any CPU
		{0EB488D0-22DA-46BD-94EA-382E0ACC008D}.DVD-5|ARM.ActiveCfg = Debug|Any CPU
		{0EB488D0-22DA-46BD-94EA-382E0ACC008D}.DVD-5|x86.ActiveCfg = Debug|Any CPU
		{0EB488D0-22DA-46BD-94EA-382E0ACC008D}.Release|Any CPU.ActiveCfg = Release|Any CPU
		{0EB488D0-22DA-46BD-94EA-382E0ACC008D}.Release|Any CPU.Build.0 = Release|Any CPU
		{0EB488D0-22DA-46BD-94EA-382E0ACC008D}.Release|ARM.ActiveCfg = Release|Any CPU
		{0EB488D0-22DA-46BD-94EA-382E0ACC008D}.Release|x86.ActiveCfg = Release|Any CPU
		{0EB488D0-22DA-46BD-94EA-382E0ACC008D}.SingleImage|Any CPU.ActiveCfg = Release|Any CPU
		{0EB488D0-22DA-46BD-94EA-382E0ACC008D}.SingleImage|Any CPU.Build.0 = Release|Any CPU
		{0EB488D0-22DA-46BD-94EA-382E0ACC008D}.SingleImage|ARM.ActiveCfg = Debug|Any CPU
		{0EB488D0-22DA-46BD-94EA-382E0ACC008D}.SingleImage|x86.ActiveCfg = Debug|Any CPU
		{054344B2-BA7E-4B07-AFDD-187C2D3B1347}.CD_ROM|Any CPU.ActiveCfg = Release|Any CPU
		{054344B2-BA7E-4B07-AFDD-187C2D3B1347}.CD_ROM|Any CPU.Build.0 = Release|Any CPU
		{054344B2-BA7E-4B07-AFDD-187C2D3B1347}.CD_ROM|ARM.ActiveCfg = Debug|Any CPU
		{054344B2-BA7E-4B07-AFDD-187C2D3B1347}.CD_ROM|x86.ActiveCfg = Debug|Any CPU
		{054344B2-BA7E-4B07-AFDD-187C2D3B1347}.Debug|Any CPU.ActiveCfg = Debug|Any CPU
		{054344B2-BA7E-4B07-AFDD-187C2D3B1347}.Debug|Any CPU.Build.0 = Debug|Any CPU
		{054344B2-BA7E-4B07-AFDD-187C2D3B1347}.Debug|ARM.ActiveCfg = Debug|Any CPU
		{054344B2-BA7E-4B07-AFDD-187C2D3B1347}.Debug|x86.ActiveCfg = Debug|Any CPU
		{054344B2-BA7E-4B07-AFDD-187C2D3B1347}.DVD-5|Any CPU.ActiveCfg = Debug|Any CPU
		{054344B2-BA7E-4B07-AFDD-187C2D3B1347}.DVD-5|Any CPU.Build.0 = Debug|Any CPU
		{054344B2-BA7E-4B07-AFDD-187C2D3B1347}.DVD-5|ARM.ActiveCfg = Debug|Any CPU
		{054344B2-BA7E-4B07-AFDD-187C2D3B1347}.DVD-5|x86.ActiveCfg = Debug|Any CPU
		{054344B2-BA7E-4B07-AFDD-187C2D3B1347}.Release|Any CPU.ActiveCfg = Release|Any CPU
		{054344B2-BA7E-4B07-AFDD-187C2D3B1347}.Release|Any CPU.Build.0 = Release|Any CPU
		{054344B2-BA7E-4B07-AFDD-187C2D3B1347}.Release|ARM.ActiveCfg = Release|Any CPU
		{054344B2-BA7E-4B07-AFDD-187C2D3B1347}.Release|x86.ActiveCfg = Release|Any CPU
		{054344B2-BA7E-4B07-AFDD-187C2D3B1347}.SingleImage|Any CPU.ActiveCfg = Release|Any CPU
		{054344B2-BA7E-4B07-AFDD-187C2D3B1347}.SingleImage|Any CPU.Build.0 = Release|Any CPU
		{054344B2-BA7E-4B07-AFDD-187C2D3B1347}.SingleImage|ARM.ActiveCfg = Debug|Any CPU
		{054344B2-BA7E-4B07-AFDD-187C2D3B1347}.SingleImage|x86.ActiveCfg = Debug|Any CPU
		{225084BF-8E51-4894-8EFE-01D6B645223C}.CD_ROM|Any CPU.ActiveCfg = Release|Any CPU
		{225084BF-8E51-4894-8EFE-01D6B645223C}.CD_ROM|Any CPU.Build.0 = Release|Any CPU
		{225084BF-8E51-4894-8EFE-01D6B645223C}.CD_ROM|ARM.ActiveCfg = Debug|Any CPU
		{225084BF-8E51-4894-8EFE-01D6B645223C}.CD_ROM|x86.ActiveCfg = Debug|Any CPU
		{225084BF-8E51-4894-8EFE-01D6B645223C}.Debug|Any CPU.ActiveCfg = Debug|Any CPU
		{225084BF-8E51-4894-8EFE-01D6B645223C}.Debug|Any CPU.Build.0 = Debug|Any CPU
		{225084BF-8E51-4894-8EFE-01D6B645223C}.Debug|ARM.ActiveCfg = Debug|Any CPU
		{225084BF-8E51-4894-8EFE-01D6B645223C}.Debug|x86.ActiveCfg = Debug|Any CPU
		{225084BF-8E51-4894-8EFE-01D6B645223C}.DVD-5|Any CPU.ActiveCfg = Debug|Any CPU
		{225084BF-8E51-4894-8EFE-01D6B645223C}.DVD-5|Any CPU.Build.0 = Debug|Any CPU
		{225084BF-8E51-4894-8EFE-01D6B645223C}.DVD-5|ARM.ActiveCfg = Debug|Any CPU
		{225084BF-8E51-4894-8EFE-01D6B645223C}.DVD-5|x86.ActiveCfg = Debug|Any CPU
		{225084BF-8E51-4894-8EFE-01D6B645223C}.Release|Any CPU.ActiveCfg = Release|Any CPU
		{225084BF-8E51-4894-8EFE-01D6B645223C}.Release|Any CPU.Build.0 = Release|Any CPU
		{225084BF-8E51-4894-8EFE-01D6B645223C}.Release|ARM.ActiveCfg = Release|Any CPU
		{225084BF-8E51-4894-8EFE-01D6B645223C}.Release|x86.ActiveCfg = Release|Any CPU
		{225084BF-8E51-4894-8EFE-01D6B645223C}.SingleImage|Any CPU.ActiveCfg = Release|Any CPU
		{225084BF-8E51-4894-8EFE-01D6B645223C}.SingleImage|Any CPU.Build.0 = Release|Any CPU
		{225084BF-8E51-4894-8EFE-01D6B645223C}.SingleImage|ARM.ActiveCfg = Debug|Any CPU
		{225084BF-8E51-4894-8EFE-01D6B645223C}.SingleImage|x86.ActiveCfg = Debug|Any CPU
		{164DD693-513A-42DA-9B8B-032E2F502504}.CD_ROM|Any CPU.ActiveCfg = Release|Any CPU
		{164DD693-513A-42DA-9B8B-032E2F502504}.CD_ROM|Any CPU.Build.0 = Release|Any CPU
		{164DD693-513A-42DA-9B8B-032E2F502504}.CD_ROM|ARM.ActiveCfg = Debug|Any CPU
		{164DD693-513A-42DA-9B8B-032E2F502504}.CD_ROM|x86.ActiveCfg = Debug|Any CPU
		{164DD693-513A-42DA-9B8B-032E2F502504}.Debug|Any CPU.ActiveCfg = Debug|Any CPU
		{164DD693-513A-42DA-9B8B-032E2F502504}.Debug|Any CPU.Build.0 = Debug|Any CPU
		{164DD693-513A-42DA-9B8B-032E2F502504}.Debug|ARM.ActiveCfg = Debug|Any CPU
		{164DD693-513A-42DA-9B8B-032E2F502504}.Debug|x86.ActiveCfg = Debug|Any CPU
		{164DD693-513A-42DA-9B8B-032E2F502504}.DVD-5|Any CPU.ActiveCfg = Debug|Any CPU
		{164DD693-513A-42DA-9B8B-032E2F502504}.DVD-5|Any CPU.Build.0 = Debug|Any CPU
		{164DD693-513A-42DA-9B8B-032E2F502504}.DVD-5|ARM.ActiveCfg = Debug|Any CPU
		{164DD693-513A-42DA-9B8B-032E2F502504}.DVD-5|x86.ActiveCfg = Debug|Any CPU
		{164DD693-513A-42DA-9B8B-032E2F502504}.Release|Any CPU.ActiveCfg = Release|Any CPU
		{164DD693-513A-42DA-9B8B-032E2F502504}.Release|Any CPU.Build.0 = Release|Any CPU
		{164DD693-513A-42DA-9B8B-032E2F502504}.Release|ARM.ActiveCfg = Release|Any CPU
		{164DD693-513A-42DA-9B8B-032E2F502504}.Release|x86.ActiveCfg = Release|Any CPU
		{164DD693-513A-42DA-9B8B-032E2F502504}.SingleImage|Any CPU.ActiveCfg = Release|Any CPU
		{164DD693-513A-42DA-9B8B-032E2F502504}.SingleImage|Any CPU.Build.0 = Release|Any CPU
		{164DD693-513A-42DA-9B8B-032E2F502504}.SingleImage|ARM.ActiveCfg = Debug|Any CPU
		{164DD693-513A-42DA-9B8B-032E2F502504}.SingleImage|x86.ActiveCfg = Debug|Any CPU
		{04E32B6D-2847-4BEB-AAB4-0561433BF63D}.CD_ROM|Any CPU.ActiveCfg = Release|Any CPU
		{04E32B6D-2847-4BEB-AAB4-0561433BF63D}.CD_ROM|Any CPU.Build.0 = Release|Any CPU
		{04E32B6D-2847-4BEB-AAB4-0561433BF63D}.CD_ROM|ARM.ActiveCfg = Debug|Any CPU
		{04E32B6D-2847-4BEB-AAB4-0561433BF63D}.CD_ROM|x86.ActiveCfg = Debug|Any CPU
		{04E32B6D-2847-4BEB-AAB4-0561433BF63D}.Debug|Any CPU.ActiveCfg = Debug|Any CPU
		{04E32B6D-2847-4BEB-AAB4-0561433BF63D}.Debug|Any CPU.Build.0 = Debug|Any CPU
		{04E32B6D-2847-4BEB-AAB4-0561433BF63D}.Debug|ARM.ActiveCfg = Debug|Any CPU
		{04E32B6D-2847-4BEB-AAB4-0561433BF63D}.Debug|x86.ActiveCfg = Debug|Any CPU
		{04E32B6D-2847-4BEB-AAB4-0561433BF63D}.DVD-5|Any CPU.ActiveCfg = Debug|Any CPU
		{04E32B6D-2847-4BEB-AAB4-0561433BF63D}.DVD-5|Any CPU.Build.0 = Debug|Any CPU
		{04E32B6D-2847-4BEB-AAB4-0561433BF63D}.DVD-5|ARM.ActiveCfg = Debug|Any CPU
		{04E32B6D-2847-4BEB-AAB4-0561433BF63D}.DVD-5|x86.ActiveCfg = Debug|Any CPU
		{04E32B6D-2847-4BEB-AAB4-0561433BF63D}.Release|Any CPU.ActiveCfg = Release|Any CPU
		{04E32B6D-2847-4BEB-AAB4-0561433BF63D}.Release|Any CPU.Build.0 = Release|Any CPU
		{04E32B6D-2847-4BEB-AAB4-0561433BF63D}.Release|ARM.ActiveCfg = Release|Any CPU
		{04E32B6D-2847-4BEB-AAB4-0561433BF63D}.Release|x86.ActiveCfg = Release|Any CPU
		{04E32B6D-2847-4BEB-AAB4-0561433BF63D}.SingleImage|Any CPU.ActiveCfg = Release|Any CPU
		{04E32B6D-2847-4BEB-AAB4-0561433BF63D}.SingleImage|Any CPU.Build.0 = Release|Any CPU
		{04E32B6D-2847-4BEB-AAB4-0561433BF63D}.SingleImage|ARM.ActiveCfg = Debug|Any CPU
		{04E32B6D-2847-4BEB-AAB4-0561433BF63D}.SingleImage|x86.ActiveCfg = Debug|Any CPU
		{5BFAA3C1-E7FC-4F38-AC3B-3CA6EF9E5134}.CD_ROM|Any CPU.ActiveCfg = Release|Any CPU
		{5BFAA3C1-E7FC-4F38-AC3B-3CA6EF9E5134}.CD_ROM|Any CPU.Build.0 = Release|Any CPU
		{5BFAA3C1-E7FC-4F38-AC3B-3CA6EF9E5134}.CD_ROM|ARM.ActiveCfg = Debug|Any CPU
		{5BFAA3C1-E7FC-4F38-AC3B-3CA6EF9E5134}.CD_ROM|x86.ActiveCfg = Debug|Any CPU
		{5BFAA3C1-E7FC-4F38-AC3B-3CA6EF9E5134}.Debug|Any CPU.ActiveCfg = Debug|Any CPU
		{5BFAA3C1-E7FC-4F38-AC3B-3CA6EF9E5134}.Debug|Any CPU.Build.0 = Debug|Any CPU
		{5BFAA3C1-E7FC-4F38-AC3B-3CA6EF9E5134}.Debug|ARM.ActiveCfg = Debug|Any CPU
		{5BFAA3C1-E7FC-4F38-AC3B-3CA6EF9E5134}.Debug|x86.ActiveCfg = Debug|Any CPU
		{5BFAA3C1-E7FC-4F38-AC3B-3CA6EF9E5134}.DVD-5|Any CPU.ActiveCfg = Debug|Any CPU
		{5BFAA3C1-E7FC-4F38-AC3B-3CA6EF9E5134}.DVD-5|Any CPU.Build.0 = Debug|Any CPU
		{5BFAA3C1-E7FC-4F38-AC3B-3CA6EF9E5134}.DVD-5|ARM.ActiveCfg = Debug|Any CPU
		{5BFAA3C1-E7FC-4F38-AC3B-3CA6EF9E5134}.DVD-5|x86.ActiveCfg = Debug|Any CPU
		{5BFAA3C1-E7FC-4F38-AC3B-3CA6EF9E5134}.Release|Any CPU.ActiveCfg = Release|Any CPU
		{5BFAA3C1-E7FC-4F38-AC3B-3CA6EF9E5134}.Release|Any CPU.Build.0 = Release|Any CPU
		{5BFAA3C1-E7FC-4F38-AC3B-3CA6EF9E5134}.Release|ARM.ActiveCfg = Release|Any CPU
		{5BFAA3C1-E7FC-4F38-AC3B-3CA6EF9E5134}.Release|x86.ActiveCfg = Release|Any CPU
		{5BFAA3C1-E7FC-4F38-AC3B-3CA6EF9E5134}.SingleImage|Any CPU.ActiveCfg = Release|Any CPU
		{5BFAA3C1-E7FC-4F38-AC3B-3CA6EF9E5134}.SingleImage|Any CPU.Build.0 = Release|Any CPU
		{5BFAA3C1-E7FC-4F38-AC3B-3CA6EF9E5134}.SingleImage|ARM.ActiveCfg = Debug|Any CPU
		{5BFAA3C1-E7FC-4F38-AC3B-3CA6EF9E5134}.SingleImage|x86.ActiveCfg = Debug|Any CPU
		{A52BA573-DEBB-44B8-8432-9345912BEAEE}.CD_ROM|Any CPU.ActiveCfg = Release|Any CPU
		{A52BA573-DEBB-44B8-8432-9345912BEAEE}.CD_ROM|Any CPU.Build.0 = Release|Any CPU
		{A52BA573-DEBB-44B8-8432-9345912BEAEE}.CD_ROM|ARM.ActiveCfg = Debug|Any CPU
		{A52BA573-DEBB-44B8-8432-9345912BEAEE}.CD_ROM|x86.ActiveCfg = Debug|Any CPU
		{A52BA573-DEBB-44B8-8432-9345912BEAEE}.Debug|Any CPU.ActiveCfg = Debug|Any CPU
		{A52BA573-DEBB-44B8-8432-9345912BEAEE}.Debug|Any CPU.Build.0 = Debug|Any CPU
		{A52BA573-DEBB-44B8-8432-9345912BEAEE}.Debug|ARM.ActiveCfg = Debug|Any CPU
		{A52BA573-DEBB-44B8-8432-9345912BEAEE}.Debug|x86.ActiveCfg = Debug|Any CPU
		{A52BA573-DEBB-44B8-8432-9345912BEAEE}.DVD-5|Any CPU.ActiveCfg = Debug|Any CPU
		{A52BA573-DEBB-44B8-8432-9345912BEAEE}.DVD-5|Any CPU.Build.0 = Debug|Any CPU
		{A52BA573-DEBB-44B8-8432-9345912BEAEE}.DVD-5|ARM.ActiveCfg = Debug|Any CPU
		{A52BA573-DEBB-44B8-8432-9345912BEAEE}.DVD-5|x86.ActiveCfg = Debug|Any CPU
		{A52BA573-DEBB-44B8-8432-9345912BEAEE}.Release|Any CPU.ActiveCfg = Release|Any CPU
		{A52BA573-DEBB-44B8-8432-9345912BEAEE}.Release|Any CPU.Build.0 = Release|Any CPU
		{A52BA573-DEBB-44B8-8432-9345912BEAEE}.Release|ARM.ActiveCfg = Release|Any CPU
		{A52BA573-DEBB-44B8-8432-9345912BEAEE}.Release|x86.ActiveCfg = Release|Any CPU
		{A52BA573-DEBB-44B8-8432-9345912BEAEE}.SingleImage|Any CPU.ActiveCfg = Release|Any CPU
		{A52BA573-DEBB-44B8-8432-9345912BEAEE}.SingleImage|Any CPU.Build.0 = Release|Any CPU
		{A52BA573-DEBB-44B8-8432-9345912BEAEE}.SingleImage|ARM.ActiveCfg = Debug|Any CPU
		{A52BA573-DEBB-44B8-8432-9345912BEAEE}.SingleImage|x86.ActiveCfg = Debug|Any CPU
		{8CDCBC5A-3B1C-433B-8BF0-7DEDBD6400BE}.CD_ROM|Any CPU.ActiveCfg = Release|Any CPU
		{8CDCBC5A-3B1C-433B-8BF0-7DEDBD6400BE}.CD_ROM|Any CPU.Build.0 = Release|Any CPU
		{8CDCBC5A-3B1C-433B-8BF0-7DEDBD6400BE}.CD_ROM|ARM.ActiveCfg = Debug|Any CPU
		{8CDCBC5A-3B1C-433B-8BF0-7DEDBD6400BE}.CD_ROM|x86.ActiveCfg = Debug|Any CPU
		{8CDCBC5A-3B1C-433B-8BF0-7DEDBD6400BE}.Debug|Any CPU.ActiveCfg = Debug|Any CPU
		{8CDCBC5A-3B1C-433B-8BF0-7DEDBD6400BE}.Debug|Any CPU.Build.0 = Debug|Any CPU
		{8CDCBC5A-3B1C-433B-8BF0-7DEDBD6400BE}.Debug|ARM.ActiveCfg = Debug|Any CPU
		{8CDCBC5A-3B1C-433B-8BF0-7DEDBD6400BE}.Debug|x86.ActiveCfg = Debug|Any CPU
		{8CDCBC5A-3B1C-433B-8BF0-7DEDBD6400BE}.DVD-5|Any CPU.ActiveCfg = Debug|Any CPU
		{8CDCBC5A-3B1C-433B-8BF0-7DEDBD6400BE}.DVD-5|Any CPU.Build.0 = Debug|Any CPU
		{8CDCBC5A-3B1C-433B-8BF0-7DEDBD6400BE}.DVD-5|ARM.ActiveCfg = Debug|Any CPU
		{8CDCBC5A-3B1C-433B-8BF0-7DEDBD6400BE}.DVD-5|x86.ActiveCfg = Debug|Any CPU
		{8CDCBC5A-3B1C-433B-8BF0-7DEDBD6400BE}.Release|Any CPU.ActiveCfg = Release|Any CPU
		{8CDCBC5A-3B1C-433B-8BF0-7DEDBD6400BE}.Release|Any CPU.Build.0 = Release|Any CPU
		{8CDCBC5A-3B1C-433B-8BF0-7DEDBD6400BE}.Release|ARM.ActiveCfg = Release|Any CPU
		{8CDCBC5A-3B1C-433B-8BF0-7DEDBD6400BE}.Release|x86.ActiveCfg = Release|Any CPU
		{8CDCBC5A-3B1C-433B-8BF0-7DEDBD6400BE}.SingleImage|Any CPU.ActiveCfg = Release|Any CPU
		{8CDCBC5A-3B1C-433B-8BF0-7DEDBD6400BE}.SingleImage|Any CPU.Build.0 = Release|Any CPU
		{8CDCBC5A-3B1C-433B-8BF0-7DEDBD6400BE}.SingleImage|ARM.ActiveCfg = Debug|Any CPU
		{8CDCBC5A-3B1C-433B-8BF0-7DEDBD6400BE}.SingleImage|x86.ActiveCfg = Debug|Any CPU
		{612CEAC8-0CF2-42A8-80C2-4D98501C10C4}.CD_ROM|Any CPU.ActiveCfg = Release|Any CPU
		{612CEAC8-0CF2-42A8-80C2-4D98501C10C4}.CD_ROM|Any CPU.Build.0 = Release|Any CPU
		{612CEAC8-0CF2-42A8-80C2-4D98501C10C4}.CD_ROM|ARM.ActiveCfg = Debug|Any CPU
		{612CEAC8-0CF2-42A8-80C2-4D98501C10C4}.CD_ROM|x86.ActiveCfg = Debug|Any CPU
		{612CEAC8-0CF2-42A8-80C2-4D98501C10C4}.Debug|Any CPU.ActiveCfg = Debug|Any CPU
		{612CEAC8-0CF2-42A8-80C2-4D98501C10C4}.Debug|Any CPU.Build.0 = Debug|Any CPU
		{612CEAC8-0CF2-42A8-80C2-4D98501C10C4}.Debug|ARM.ActiveCfg = Debug|Any CPU
		{612CEAC8-0CF2-42A8-80C2-4D98501C10C4}.Debug|x86.ActiveCfg = Debug|Any CPU
		{612CEAC8-0CF2-42A8-80C2-4D98501C10C4}.DVD-5|Any CPU.ActiveCfg = Debug|Any CPU
		{612CEAC8-0CF2-42A8-80C2-4D98501C10C4}.DVD-5|Any CPU.Build.0 = Debug|Any CPU
		{612CEAC8-0CF2-42A8-80C2-4D98501C10C4}.DVD-5|ARM.ActiveCfg = Debug|Any CPU
		{612CEAC8-0CF2-42A8-80C2-4D98501C10C4}.DVD-5|x86.ActiveCfg = Debug|Any CPU
		{612CEAC8-0CF2-42A8-80C2-4D98501C10C4}.Release|Any CPU.ActiveCfg = Release|Any CPU
		{612CEAC8-0CF2-42A8-80C2-4D98501C10C4}.Release|Any CPU.Build.0 = Release|Any CPU
		{612CEAC8-0CF2-42A8-80C2-4D98501C10C4}.Release|ARM.ActiveCfg = Release|Any CPU
		{612CEAC8-0CF2-42A8-80C2-4D98501C10C4}.Release|x86.ActiveCfg = Release|Any CPU
		{612CEAC8-0CF2-42A8-80C2-4D98501C10C4}.SingleImage|Any CPU.ActiveCfg = Release|Any CPU
		{612CEAC8-0CF2-42A8-80C2-4D98501C10C4}.SingleImage|Any CPU.Build.0 = Release|Any CPU
		{612CEAC8-0CF2-42A8-80C2-4D98501C10C4}.SingleImage|ARM.ActiveCfg = Debug|Any CPU
		{612CEAC8-0CF2-42A8-80C2-4D98501C10C4}.SingleImage|x86.ActiveCfg = Debug|Any CPU
		{38D42932-DB31-4CD0-A1B2-DE2B2F303414}.CD_ROM|Any CPU.ActiveCfg = Release|Any CPU
		{38D42932-DB31-4CD0-A1B2-DE2B2F303414}.CD_ROM|Any CPU.Build.0 = Release|Any CPU
		{38D42932-DB31-4CD0-A1B2-DE2B2F303414}.CD_ROM|ARM.ActiveCfg = Debug|Any CPU
		{38D42932-DB31-4CD0-A1B2-DE2B2F303414}.CD_ROM|x86.ActiveCfg = Debug|Any CPU
		{38D42932-DB31-4CD0-A1B2-DE2B2F303414}.Debug|Any CPU.ActiveCfg = Debug|Any CPU
		{38D42932-DB31-4CD0-A1B2-DE2B2F303414}.Debug|Any CPU.Build.0 = Debug|Any CPU
		{38D42932-DB31-4CD0-A1B2-DE2B2F303414}.Debug|ARM.ActiveCfg = Debug|Any CPU
		{38D42932-DB31-4CD0-A1B2-DE2B2F303414}.Debug|x86.ActiveCfg = Debug|Any CPU
		{38D42932-DB31-4CD0-A1B2-DE2B2F303414}.DVD-5|Any CPU.ActiveCfg = Debug|Any CPU
		{38D42932-DB31-4CD0-A1B2-DE2B2F303414}.DVD-5|Any CPU.Build.0 = Debug|Any CPU
		{38D42932-DB31-4CD0-A1B2-DE2B2F303414}.DVD-5|ARM.ActiveCfg = Debug|Any CPU
		{38D42932-DB31-4CD0-A1B2-DE2B2F303414}.DVD-5|x86.ActiveCfg = Debug|Any CPU
		{38D42932-DB31-4CD0-A1B2-DE2B2F303414}.Release|Any CPU.ActiveCfg = Release|Any CPU
		{38D42932-DB31-4CD0-A1B2-DE2B2F303414}.Release|Any CPU.Build.0 = Release|Any CPU
		{38D42932-DB31-4CD0-A1B2-DE2B2F303414}.Release|ARM.ActiveCfg = Release|Any CPU
		{38D42932-DB31-4CD0-A1B2-DE2B2F303414}.Release|x86.ActiveCfg = Release|Any CPU
		{38D42932-DB31-4CD0-A1B2-DE2B2F303414}.SingleImage|Any CPU.ActiveCfg = Release|Any CPU
		{38D42932-DB31-4CD0-A1B2-DE2B2F303414}.SingleImage|Any CPU.Build.0 = Release|Any CPU
		{38D42932-DB31-4CD0-A1B2-DE2B2F303414}.SingleImage|ARM.ActiveCfg = Debug|Any CPU
		{38D42932-DB31-4CD0-A1B2-DE2B2F303414}.SingleImage|x86.ActiveCfg = Debug|Any CPU
		{C8172DA1-02D4-4367-9597-DE577F3BA583}.CD_ROM|Any CPU.ActiveCfg = Release|Any CPU
		{C8172DA1-02D4-4367-9597-DE577F3BA583}.CD_ROM|Any CPU.Build.0 = Release|Any CPU
		{C8172DA1-02D4-4367-9597-DE577F3BA583}.CD_ROM|ARM.ActiveCfg = Debug|Any CPU
		{C8172DA1-02D4-4367-9597-DE577F3BA583}.CD_ROM|x86.ActiveCfg = Debug|Any CPU
		{C8172DA1-02D4-4367-9597-DE577F3BA583}.Debug|Any CPU.ActiveCfg = Debug|Any CPU
		{C8172DA1-02D4-4367-9597-DE577F3BA583}.Debug|Any CPU.Build.0 = Debug|Any CPU
		{C8172DA1-02D4-4367-9597-DE577F3BA583}.Debug|ARM.ActiveCfg = Debug|Any CPU
		{C8172DA1-02D4-4367-9597-DE577F3BA583}.Debug|x86.ActiveCfg = Debug|Any CPU
		{C8172DA1-02D4-4367-9597-DE577F3BA583}.DVD-5|Any CPU.ActiveCfg = Debug|Any CPU
		{C8172DA1-02D4-4367-9597-DE577F3BA583}.DVD-5|Any CPU.Build.0 = Debug|Any CPU
		{C8172DA1-02D4-4367-9597-DE577F3BA583}.DVD-5|ARM.ActiveCfg = Debug|Any CPU
		{C8172DA1-02D4-4367-9597-DE577F3BA583}.DVD-5|x86.ActiveCfg = Debug|Any CPU
		{C8172DA1-02D4-4367-9597-DE577F3BA583}.Release|Any CPU.ActiveCfg = Release|Any CPU
		{C8172DA1-02D4-4367-9597-DE577F3BA583}.Release|Any CPU.Build.0 = Release|Any CPU
		{C8172DA1-02D4-4367-9597-DE577F3BA583}.Release|ARM.ActiveCfg = Release|Any CPU
		{C8172DA1-02D4-4367-9597-DE577F3BA583}.Release|x86.ActiveCfg = Release|Any CPU
		{C8172DA1-02D4-4367-9597-DE577F3BA583}.SingleImage|Any CPU.ActiveCfg = Release|Any CPU
		{C8172DA1-02D4-4367-9597-DE577F3BA583}.SingleImage|Any CPU.Build.0 = Release|Any CPU
		{C8172DA1-02D4-4367-9597-DE577F3BA583}.SingleImage|ARM.ActiveCfg = Debug|Any CPU
		{C8172DA1-02D4-4367-9597-DE577F3BA583}.SingleImage|x86.ActiveCfg = Debug|Any CPU
		{1568353A-D3FC-4B05-8643-641298AA0DFE}.CD_ROM|Any CPU.ActiveCfg = Release|Any CPU
		{1568353A-D3FC-4B05-8643-641298AA0DFE}.CD_ROM|Any CPU.Build.0 = Release|Any CPU
		{1568353A-D3FC-4B05-8643-641298AA0DFE}.CD_ROM|ARM.ActiveCfg = Debug|Any CPU
		{1568353A-D3FC-4B05-8643-641298AA0DFE}.CD_ROM|x86.ActiveCfg = Debug|Any CPU
		{1568353A-D3FC-4B05-8643-641298AA0DFE}.Debug|Any CPU.ActiveCfg = Debug|Any CPU
		{1568353A-D3FC-4B05-8643-641298AA0DFE}.Debug|Any CPU.Build.0 = Debug|Any CPU
		{1568353A-D3FC-4B05-8643-641298AA0DFE}.Debug|ARM.ActiveCfg = Debug|Any CPU
		{1568353A-D3FC-4B05-8643-641298AA0DFE}.Debug|x86.ActiveCfg = Debug|Any CPU
		{1568353A-D3FC-4B05-8643-641298AA0DFE}.DVD-5|Any CPU.ActiveCfg = Debug|Any CPU
		{1568353A-D3FC-4B05-8643-641298AA0DFE}.DVD-5|Any CPU.Build.0 = Debug|Any CPU
		{1568353A-D3FC-4B05-8643-641298AA0DFE}.DVD-5|ARM.ActiveCfg = Debug|Any CPU
		{1568353A-D3FC-4B05-8643-641298AA0DFE}.DVD-5|x86.ActiveCfg = Debug|Any CPU
		{1568353A-D3FC-4B05-8643-641298AA0DFE}.Release|Any CPU.ActiveCfg = Release|Any CPU
		{1568353A-D3FC-4B05-8643-641298AA0DFE}.Release|Any CPU.Build.0 = Release|Any CPU
		{1568353A-D3FC-4B05-8643-641298AA0DFE}.Release|ARM.ActiveCfg = Release|Any CPU
		{1568353A-D3FC-4B05-8643-641298AA0DFE}.Release|x86.ActiveCfg = Release|Any CPU
		{1568353A-D3FC-4B05-8643-641298AA0DFE}.SingleImage|Any CPU.ActiveCfg = Release|Any CPU
		{1568353A-D3FC-4B05-8643-641298AA0DFE}.SingleImage|Any CPU.Build.0 = Release|Any CPU
		{1568353A-D3FC-4B05-8643-641298AA0DFE}.SingleImage|ARM.ActiveCfg = Debug|Any CPU
		{1568353A-D3FC-4B05-8643-641298AA0DFE}.SingleImage|x86.ActiveCfg = Debug|Any CPU
		{255584EB-F13C-4A9A-ABAF-B2612DB8962A}.CD_ROM|Any CPU.ActiveCfg = Release|Any CPU
		{255584EB-F13C-4A9A-ABAF-B2612DB8962A}.CD_ROM|Any CPU.Build.0 = Release|Any CPU
		{255584EB-F13C-4A9A-ABAF-B2612DB8962A}.CD_ROM|ARM.ActiveCfg = Debug|Any CPU
		{255584EB-F13C-4A9A-ABAF-B2612DB8962A}.CD_ROM|x86.ActiveCfg = Debug|Any CPU
		{255584EB-F13C-4A9A-ABAF-B2612DB8962A}.Debug|Any CPU.ActiveCfg = Debug|Any CPU
		{255584EB-F13C-4A9A-ABAF-B2612DB8962A}.Debug|Any CPU.Build.0 = Debug|Any CPU
		{255584EB-F13C-4A9A-ABAF-B2612DB8962A}.Debug|ARM.ActiveCfg = Debug|Any CPU
		{255584EB-F13C-4A9A-ABAF-B2612DB8962A}.Debug|x86.ActiveCfg = Debug|Any CPU
		{255584EB-F13C-4A9A-ABAF-B2612DB8962A}.DVD-5|Any CPU.ActiveCfg = Debug|Any CPU
		{255584EB-F13C-4A9A-ABAF-B2612DB8962A}.DVD-5|Any CPU.Build.0 = Debug|Any CPU
		{255584EB-F13C-4A9A-ABAF-B2612DB8962A}.DVD-5|ARM.ActiveCfg = Debug|Any CPU
		{255584EB-F13C-4A9A-ABAF-B2612DB8962A}.DVD-5|x86.ActiveCfg = Debug|Any CPU
		{255584EB-F13C-4A9A-ABAF-B2612DB8962A}.Release|Any CPU.ActiveCfg = Release|Any CPU
		{255584EB-F13C-4A9A-ABAF-B2612DB8962A}.Release|Any CPU.Build.0 = Release|Any CPU
		{255584EB-F13C-4A9A-ABAF-B2612DB8962A}.Release|ARM.ActiveCfg = Release|Any CPU
		{255584EB-F13C-4A9A-ABAF-B2612DB8962A}.Release|x86.ActiveCfg = Release|Any CPU
		{255584EB-F13C-4A9A-ABAF-B2612DB8962A}.SingleImage|Any CPU.ActiveCfg = Release|Any CPU
		{255584EB-F13C-4A9A-ABAF-B2612DB8962A}.SingleImage|Any CPU.Build.0 = Release|Any CPU
		{255584EB-F13C-4A9A-ABAF-B2612DB8962A}.SingleImage|ARM.ActiveCfg = Debug|Any CPU
		{255584EB-F13C-4A9A-ABAF-B2612DB8962A}.SingleImage|x86.ActiveCfg = Debug|Any CPU
		{9FC9C419-DCB4-4AD8-9E9D-18E10E083EED}.CD_ROM|Any CPU.ActiveCfg = Release|Any CPU
		{9FC9C419-DCB4-4AD8-9E9D-18E10E083EED}.CD_ROM|Any CPU.Build.0 = Release|Any CPU
		{9FC9C419-DCB4-4AD8-9E9D-18E10E083EED}.CD_ROM|ARM.ActiveCfg = Debug|Any CPU
		{9FC9C419-DCB4-4AD8-9E9D-18E10E083EED}.CD_ROM|x86.ActiveCfg = Debug|Any CPU
		{9FC9C419-DCB4-4AD8-9E9D-18E10E083EED}.Debug|Any CPU.ActiveCfg = Debug|Any CPU
		{9FC9C419-DCB4-4AD8-9E9D-18E10E083EED}.Debug|Any CPU.Build.0 = Debug|Any CPU
		{9FC9C419-DCB4-4AD8-9E9D-18E10E083EED}.Debug|ARM.ActiveCfg = Debug|Any CPU
		{9FC9C419-DCB4-4AD8-9E9D-18E10E083EED}.Debug|x86.ActiveCfg = Debug|Any CPU
		{9FC9C419-DCB4-4AD8-9E9D-18E10E083EED}.DVD-5|Any CPU.ActiveCfg = Debug|Any CPU
		{9FC9C419-DCB4-4AD8-9E9D-18E10E083EED}.DVD-5|Any CPU.Build.0 = Debug|Any CPU
		{9FC9C419-DCB4-4AD8-9E9D-18E10E083EED}.DVD-5|ARM.ActiveCfg = Debug|Any CPU
		{9FC9C419-DCB4-4AD8-9E9D-18E10E083EED}.DVD-5|x86.ActiveCfg = Debug|Any CPU
		{9FC9C419-DCB4-4AD8-9E9D-18E10E083EED}.Release|Any CPU.ActiveCfg = Release|Any CPU
		{9FC9C419-DCB4-4AD8-9E9D-18E10E083EED}.Release|Any CPU.Build.0 = Release|Any CPU
		{9FC9C419-DCB4-4AD8-9E9D-18E10E083EED}.Release|ARM.ActiveCfg = Release|Any CPU
		{9FC9C419-DCB4-4AD8-9E9D-18E10E083EED}.Release|x86.ActiveCfg = Release|Any CPU
		{9FC9C419-DCB4-4AD8-9E9D-18E10E083EED}.SingleImage|Any CPU.ActiveCfg = Release|Any CPU
		{9FC9C419-DCB4-4AD8-9E9D-18E10E083EED}.SingleImage|Any CPU.Build.0 = Release|Any CPU
		{9FC9C419-DCB4-4AD8-9E9D-18E10E083EED}.SingleImage|ARM.ActiveCfg = Debug|Any CPU
		{9FC9C419-DCB4-4AD8-9E9D-18E10E083EED}.SingleImage|x86.ActiveCfg = Debug|Any CPU
		{E43513D7-1ACD-4019-BDCB-33A03673E9CB}.CD_ROM|Any CPU.ActiveCfg = Release|Any CPU
		{E43513D7-1ACD-4019-BDCB-33A03673E9CB}.CD_ROM|Any CPU.Build.0 = Release|Any CPU
		{E43513D7-1ACD-4019-BDCB-33A03673E9CB}.CD_ROM|ARM.ActiveCfg = Debug|Any CPU
		{E43513D7-1ACD-4019-BDCB-33A03673E9CB}.CD_ROM|x86.ActiveCfg = Debug|Any CPU
		{E43513D7-1ACD-4019-BDCB-33A03673E9CB}.Debug|Any CPU.ActiveCfg = Debug|Any CPU
		{E43513D7-1ACD-4019-BDCB-33A03673E9CB}.Debug|Any CPU.Build.0 = Debug|Any CPU
		{E43513D7-1ACD-4019-BDCB-33A03673E9CB}.Debug|ARM.ActiveCfg = Debug|Any CPU
		{E43513D7-1ACD-4019-BDCB-33A03673E9CB}.Debug|x86.ActiveCfg = Debug|Any CPU
		{E43513D7-1ACD-4019-BDCB-33A03673E9CB}.DVD-5|Any CPU.ActiveCfg = Debug|Any CPU
		{E43513D7-1ACD-4019-BDCB-33A03673E9CB}.DVD-5|Any CPU.Build.0 = Debug|Any CPU
		{E43513D7-1ACD-4019-BDCB-33A03673E9CB}.DVD-5|ARM.ActiveCfg = Debug|Any CPU
		{E43513D7-1ACD-4019-BDCB-33A03673E9CB}.DVD-5|x86.ActiveCfg = Debug|Any CPU
		{E43513D7-1ACD-4019-BDCB-33A03673E9CB}.Release|Any CPU.ActiveCfg = Release|Any CPU
		{E43513D7-1ACD-4019-BDCB-33A03673E9CB}.Release|Any CPU.Build.0 = Release|Any CPU
		{E43513D7-1ACD-4019-BDCB-33A03673E9CB}.Release|ARM.ActiveCfg = Release|Any CPU
		{E43513D7-1ACD-4019-BDCB-33A03673E9CB}.Release|x86.ActiveCfg = Release|Any CPU
		{E43513D7-1ACD-4019-BDCB-33A03673E9CB}.SingleImage|Any CPU.ActiveCfg = Release|Any CPU
		{E43513D7-1ACD-4019-BDCB-33A03673E9CB}.SingleImage|Any CPU.Build.0 = Release|Any CPU
		{E43513D7-1ACD-4019-BDCB-33A03673E9CB}.SingleImage|ARM.ActiveCfg = Debug|Any CPU
		{E43513D7-1ACD-4019-BDCB-33A03673E9CB}.SingleImage|x86.ActiveCfg = Debug|Any CPU
		{2365E34C-1481-4CD5-B0A2-D6CA298DEFD4}.CD_ROM|Any CPU.ActiveCfg = Release|Any CPU
		{2365E34C-1481-4CD5-B0A2-D6CA298DEFD4}.CD_ROM|Any CPU.Build.0 = Release|Any CPU
		{2365E34C-1481-4CD5-B0A2-D6CA298DEFD4}.CD_ROM|ARM.ActiveCfg = Debug|Any CPU
		{2365E34C-1481-4CD5-B0A2-D6CA298DEFD4}.CD_ROM|x86.ActiveCfg = Debug|Any CPU
		{2365E34C-1481-4CD5-B0A2-D6CA298DEFD4}.Debug|Any CPU.ActiveCfg = Debug|Any CPU
		{2365E34C-1481-4CD5-B0A2-D6CA298DEFD4}.Debug|Any CPU.Build.0 = Debug|Any CPU
		{2365E34C-1481-4CD5-B0A2-D6CA298DEFD4}.Debug|ARM.ActiveCfg = Debug|Any CPU
		{2365E34C-1481-4CD5-B0A2-D6CA298DEFD4}.Debug|x86.ActiveCfg = Debug|Any CPU
		{2365E34C-1481-4CD5-B0A2-D6CA298DEFD4}.DVD-5|Any CPU.ActiveCfg = Debug|Any CPU
		{2365E34C-1481-4CD5-B0A2-D6CA298DEFD4}.DVD-5|Any CPU.Build.0 = Debug|Any CPU
		{2365E34C-1481-4CD5-B0A2-D6CA298DEFD4}.DVD-5|ARM.ActiveCfg = Debug|Any CPU
		{2365E34C-1481-4CD5-B0A2-D6CA298DEFD4}.DVD-5|x86.ActiveCfg = Debug|Any CPU
		{2365E34C-1481-4CD5-B0A2-D6CA298DEFD4}.Release|Any CPU.ActiveCfg = Release|Any CPU
		{2365E34C-1481-4CD5-B0A2-D6CA298DEFD4}.Release|Any CPU.Build.0 = Release|Any CPU
		{2365E34C-1481-4CD5-B0A2-D6CA298DEFD4}.Release|ARM.ActiveCfg = Release|Any CPU
		{2365E34C-1481-4CD5-B0A2-D6CA298DEFD4}.Release|x86.ActiveCfg = Release|Any CPU
		{2365E34C-1481-4CD5-B0A2-D6CA298DEFD4}.SingleImage|Any CPU.ActiveCfg = Release|Any CPU
		{2365E34C-1481-4CD5-B0A2-D6CA298DEFD4}.SingleImage|Any CPU.Build.0 = Release|Any CPU
		{2365E34C-1481-4CD5-B0A2-D6CA298DEFD4}.SingleImage|ARM.ActiveCfg = Debug|Any CPU
		{2365E34C-1481-4CD5-B0A2-D6CA298DEFD4}.SingleImage|x86.ActiveCfg = Debug|Any CPU
		{FA91BC9B-DF63-4A74-B3E6-6D4222C8D3C3}.CD_ROM|Any CPU.ActiveCfg = Release|Any CPU
		{FA91BC9B-DF63-4A74-B3E6-6D4222C8D3C3}.CD_ROM|Any CPU.Build.0 = Release|Any CPU
		{FA91BC9B-DF63-4A74-B3E6-6D4222C8D3C3}.CD_ROM|ARM.ActiveCfg = Debug|Any CPU
		{FA91BC9B-DF63-4A74-B3E6-6D4222C8D3C3}.CD_ROM|x86.ActiveCfg = Debug|Any CPU
		{FA91BC9B-DF63-4A74-B3E6-6D4222C8D3C3}.Debug|Any CPU.ActiveCfg = Debug|Any CPU
		{FA91BC9B-DF63-4A74-B3E6-6D4222C8D3C3}.Debug|Any CPU.Build.0 = Debug|Any CPU
		{FA91BC9B-DF63-4A74-B3E6-6D4222C8D3C3}.Debug|ARM.ActiveCfg = Debug|Any CPU
		{FA91BC9B-DF63-4A74-B3E6-6D4222C8D3C3}.Debug|x86.ActiveCfg = Debug|Any CPU
		{FA91BC9B-DF63-4A74-B3E6-6D4222C8D3C3}.DVD-5|Any CPU.ActiveCfg = Debug|Any CPU
		{FA91BC9B-DF63-4A74-B3E6-6D4222C8D3C3}.DVD-5|Any CPU.Build.0 = Debug|Any CPU
		{FA91BC9B-DF63-4A74-B3E6-6D4222C8D3C3}.DVD-5|ARM.ActiveCfg = Debug|Any CPU
		{FA91BC9B-DF63-4A74-B3E6-6D4222C8D3C3}.DVD-5|x86.ActiveCfg = Debug|Any CPU
		{FA91BC9B-DF63-4A74-B3E6-6D4222C8D3C3}.Release|Any CPU.ActiveCfg = Release|Any CPU
		{FA91BC9B-DF63-4A74-B3E6-6D4222C8D3C3}.Release|Any CPU.Build.0 = Release|Any CPU
		{FA91BC9B-DF63-4A74-B3E6-6D4222C8D3C3}.Release|ARM.ActiveCfg = Release|Any CPU
		{FA91BC9B-DF63-4A74-B3E6-6D4222C8D3C3}.Release|x86.ActiveCfg = Release|Any CPU
		{FA91BC9B-DF63-4A74-B3E6-6D4222C8D3C3}.SingleImage|Any CPU.ActiveCfg = Release|Any CPU
		{FA91BC9B-DF63-4A74-B3E6-6D4222C8D3C3}.SingleImage|Any CPU.Build.0 = Release|Any CPU
		{FA91BC9B-DF63-4A74-B3E6-6D4222C8D3C3}.SingleImage|ARM.ActiveCfg = Debug|Any CPU
		{FA91BC9B-DF63-4A74-B3E6-6D4222C8D3C3}.SingleImage|x86.ActiveCfg = Debug|Any CPU
		{DE06354E-31A0-4D23-AA95-699B4DDB9508}.CD_ROM|Any CPU.ActiveCfg = Release|Any CPU
		{DE06354E-31A0-4D23-AA95-699B4DDB9508}.CD_ROM|Any CPU.Build.0 = Release|Any CPU
		{DE06354E-31A0-4D23-AA95-699B4DDB9508}.CD_ROM|ARM.ActiveCfg = Debug|Any CPU
		{DE06354E-31A0-4D23-AA95-699B4DDB9508}.CD_ROM|x86.ActiveCfg = Debug|Any CPU
		{DE06354E-31A0-4D23-AA95-699B4DDB9508}.Debug|Any CPU.ActiveCfg = Debug|Any CPU
		{DE06354E-31A0-4D23-AA95-699B4DDB9508}.Debug|Any CPU.Build.0 = Debug|Any CPU
		{DE06354E-31A0-4D23-AA95-699B4DDB9508}.Debug|ARM.ActiveCfg = Debug|Any CPU
		{DE06354E-31A0-4D23-AA95-699B4DDB9508}.Debug|x86.ActiveCfg = Debug|Any CPU
		{DE06354E-31A0-4D23-AA95-699B4DDB9508}.DVD-5|Any CPU.ActiveCfg = Debug|Any CPU
		{DE06354E-31A0-4D23-AA95-699B4DDB9508}.DVD-5|Any CPU.Build.0 = Debug|Any CPU
		{DE06354E-31A0-4D23-AA95-699B4DDB9508}.DVD-5|ARM.ActiveCfg = Debug|Any CPU
		{DE06354E-31A0-4D23-AA95-699B4DDB9508}.DVD-5|x86.ActiveCfg = Debug|Any CPU
		{DE06354E-31A0-4D23-AA95-699B4DDB9508}.Release|Any CPU.ActiveCfg = Release|Any CPU
		{DE06354E-31A0-4D23-AA95-699B4DDB9508}.Release|Any CPU.Build.0 = Release|Any CPU
		{DE06354E-31A0-4D23-AA95-699B4DDB9508}.Release|ARM.ActiveCfg = Release|Any CPU
		{DE06354E-31A0-4D23-AA95-699B4DDB9508}.Release|x86.ActiveCfg = Release|Any CPU
		{DE06354E-31A0-4D23-AA95-699B4DDB9508}.SingleImage|Any CPU.ActiveCfg = Release|Any CPU
		{DE06354E-31A0-4D23-AA95-699B4DDB9508}.SingleImage|Any CPU.Build.0 = Release|Any CPU
		{DE06354E-31A0-4D23-AA95-699B4DDB9508}.SingleImage|ARM.ActiveCfg = Debug|Any CPU
		{DE06354E-31A0-4D23-AA95-699B4DDB9508}.SingleImage|x86.ActiveCfg = Debug|Any CPU
		{0DFDD57E-B096-455A-9636-41E5292DE419}.CD_ROM|Any CPU.ActiveCfg = Release|Any CPU
		{0DFDD57E-B096-455A-9636-41E5292DE419}.CD_ROM|Any CPU.Build.0 = Release|Any CPU
		{0DFDD57E-B096-455A-9636-41E5292DE419}.CD_ROM|ARM.ActiveCfg = Debug|Any CPU
		{0DFDD57E-B096-455A-9636-41E5292DE419}.CD_ROM|x86.ActiveCfg = Debug|Any CPU
		{0DFDD57E-B096-455A-9636-41E5292DE419}.Debug|Any CPU.ActiveCfg = Debug|Any CPU
		{0DFDD57E-B096-455A-9636-41E5292DE419}.Debug|Any CPU.Build.0 = Debug|Any CPU
		{0DFDD57E-B096-455A-9636-41E5292DE419}.Debug|ARM.ActiveCfg = Debug|Any CPU
		{0DFDD57E-B096-455A-9636-41E5292DE419}.Debug|x86.ActiveCfg = Debug|Any CPU
		{0DFDD57E-B096-455A-9636-41E5292DE419}.DVD-5|Any CPU.ActiveCfg = Debug|Any CPU
		{0DFDD57E-B096-455A-9636-41E5292DE419}.DVD-5|Any CPU.Build.0 = Debug|Any CPU
		{0DFDD57E-B096-455A-9636-41E5292DE419}.DVD-5|ARM.ActiveCfg = Debug|Any CPU
		{0DFDD57E-B096-455A-9636-41E5292DE419}.DVD-5|x86.ActiveCfg = Debug|Any CPU
		{0DFDD57E-B096-455A-9636-41E5292DE419}.Release|Any CPU.ActiveCfg = Release|Any CPU
		{0DFDD57E-B096-455A-9636-41E5292DE419}.Release|Any CPU.Build.0 = Release|Any CPU
		{0DFDD57E-B096-455A-9636-41E5292DE419}.Release|ARM.ActiveCfg = Release|Any CPU
		{0DFDD57E-B096-455A-9636-41E5292DE419}.Release|x86.ActiveCfg = Release|Any CPU
		{0DFDD57E-B096-455A-9636-41E5292DE419}.SingleImage|Any CPU.ActiveCfg = Release|Any CPU
		{0DFDD57E-B096-455A-9636-41E5292DE419}.SingleImage|Any CPU.Build.0 = Release|Any CPU
		{0DFDD57E-B096-455A-9636-41E5292DE419}.SingleImage|ARM.ActiveCfg = Debug|Any CPU
		{0DFDD57E-B096-455A-9636-41E5292DE419}.SingleImage|x86.ActiveCfg = Debug|Any CPU
		{E696E699-45C7-40BF-B741-DE696FA9F3C8}.CD_ROM|Any CPU.ActiveCfg = Release|Any CPU
		{E696E699-45C7-40BF-B741-DE696FA9F3C8}.CD_ROM|Any CPU.Build.0 = Release|Any CPU
		{E696E699-45C7-40BF-B741-DE696FA9F3C8}.CD_ROM|ARM.ActiveCfg = Debug|Any CPU
		{E696E699-45C7-40BF-B741-DE696FA9F3C8}.CD_ROM|x86.ActiveCfg = Debug|Any CPU
		{E696E699-45C7-40BF-B741-DE696FA9F3C8}.Debug|Any CPU.ActiveCfg = Debug|Any CPU
		{E696E699-45C7-40BF-B741-DE696FA9F3C8}.Debug|Any CPU.Build.0 = Debug|Any CPU
		{E696E699-45C7-40BF-B741-DE696FA9F3C8}.Debug|ARM.ActiveCfg = Debug|Any CPU
		{E696E699-45C7-40BF-B741-DE696FA9F3C8}.Debug|x86.ActiveCfg = Debug|Any CPU
		{E696E699-45C7-40BF-B741-DE696FA9F3C8}.DVD-5|Any CPU.ActiveCfg = Debug|Any CPU
		{E696E699-45C7-40BF-B741-DE696FA9F3C8}.DVD-5|Any CPU.Build.0 = Debug|Any CPU
		{E696E699-45C7-40BF-B741-DE696FA9F3C8}.DVD-5|ARM.ActiveCfg = Debug|Any CPU
		{E696E699-45C7-40BF-B741-DE696FA9F3C8}.DVD-5|x86.ActiveCfg = Debug|Any CPU
		{E696E699-45C7-40BF-B741-DE696FA9F3C8}.Release|Any CPU.ActiveCfg = Release|Any CPU
		{E696E699-45C7-40BF-B741-DE696FA9F3C8}.Release|Any CPU.Build.0 = Release|Any CPU
		{E696E699-45C7-40BF-B741-DE696FA9F3C8}.Release|ARM.ActiveCfg = Release|Any CPU
		{E696E699-45C7-40BF-B741-DE696FA9F3C8}.Release|x86.ActiveCfg = Release|Any CPU
		{E696E699-45C7-40BF-B741-DE696FA9F3C8}.SingleImage|Any CPU.ActiveCfg = Release|Any CPU
		{E696E699-45C7-40BF-B741-DE696FA9F3C8}.SingleImage|Any CPU.Build.0 = Release|Any CPU
		{E696E699-45C7-40BF-B741-DE696FA9F3C8}.SingleImage|ARM.ActiveCfg = Debug|Any CPU
		{E696E699-45C7-40BF-B741-DE696FA9F3C8}.SingleImage|x86.ActiveCfg = Debug|Any CPU
		{207A86DC-2F90-413A-9A29-272CDFA30A65}.CD_ROM|Any CPU.ActiveCfg = Release|Any CPU
		{207A86DC-2F90-413A-9A29-272CDFA30A65}.CD_ROM|Any CPU.Build.0 = Release|Any CPU
		{207A86DC-2F90-413A-9A29-272CDFA30A65}.CD_ROM|ARM.ActiveCfg = Debug|Any CPU
		{207A86DC-2F90-413A-9A29-272CDFA30A65}.CD_ROM|x86.ActiveCfg = Debug|Any CPU
		{207A86DC-2F90-413A-9A29-272CDFA30A65}.Debug|Any CPU.ActiveCfg = Debug|Any CPU
		{207A86DC-2F90-413A-9A29-272CDFA30A65}.Debug|Any CPU.Build.0 = Debug|Any CPU
		{207A86DC-2F90-413A-9A29-272CDFA30A65}.Debug|ARM.ActiveCfg = Debug|Any CPU
		{207A86DC-2F90-413A-9A29-272CDFA30A65}.Debug|x86.ActiveCfg = Debug|Any CPU
		{207A86DC-2F90-413A-9A29-272CDFA30A65}.DVD-5|Any CPU.ActiveCfg = Debug|Any CPU
		{207A86DC-2F90-413A-9A29-272CDFA30A65}.DVD-5|Any CPU.Build.0 = Debug|Any CPU
		{207A86DC-2F90-413A-9A29-272CDFA30A65}.DVD-5|ARM.ActiveCfg = Debug|Any CPU
		{207A86DC-2F90-413A-9A29-272CDFA30A65}.DVD-5|x86.ActiveCfg = Debug|Any CPU
		{207A86DC-2F90-413A-9A29-272CDFA30A65}.Release|Any CPU.ActiveCfg = Release|Any CPU
		{207A86DC-2F90-413A-9A29-272CDFA30A65}.Release|Any CPU.Build.0 = Release|Any CPU
		{207A86DC-2F90-413A-9A29-272CDFA30A65}.Release|ARM.ActiveCfg = Release|Any CPU
		{207A86DC-2F90-413A-9A29-272CDFA30A65}.Release|x86.ActiveCfg = Release|Any CPU
		{207A86DC-2F90-413A-9A29-272CDFA30A65}.SingleImage|Any CPU.ActiveCfg = Release|Any CPU
		{207A86DC-2F90-413A-9A29-272CDFA30A65}.SingleImage|Any CPU.Build.0 = Release|Any CPU
		{207A86DC-2F90-413A-9A29-272CDFA30A65}.SingleImage|ARM.ActiveCfg = Debug|Any CPU
		{207A86DC-2F90-413A-9A29-272CDFA30A65}.SingleImage|x86.ActiveCfg = Debug|Any CPU
		{AD4220D1-5C9F-4ABB-B1B2-76902E7C0948}.CD_ROM|Any CPU.ActiveCfg = Release|Any CPU
		{AD4220D1-5C9F-4ABB-B1B2-76902E7C0948}.CD_ROM|Any CPU.Build.0 = Release|Any CPU
		{AD4220D1-5C9F-4ABB-B1B2-76902E7C0948}.CD_ROM|ARM.ActiveCfg = Release|Any CPU
		{AD4220D1-5C9F-4ABB-B1B2-76902E7C0948}.CD_ROM|x86.ActiveCfg = Release|Any CPU
		{AD4220D1-5C9F-4ABB-B1B2-76902E7C0948}.Debug|Any CPU.ActiveCfg = Debug|Any CPU
		{AD4220D1-5C9F-4ABB-B1B2-76902E7C0948}.Debug|Any CPU.Build.0 = Debug|Any CPU
		{AD4220D1-5C9F-4ABB-B1B2-76902E7C0948}.Debug|ARM.ActiveCfg = Debug|Any CPU
		{AD4220D1-5C9F-4ABB-B1B2-76902E7C0948}.Debug|x86.ActiveCfg = Debug|Any CPU
		{AD4220D1-5C9F-4ABB-B1B2-76902E7C0948}.DVD-5|Any CPU.ActiveCfg = Debug|Any CPU
		{AD4220D1-5C9F-4ABB-B1B2-76902E7C0948}.DVD-5|Any CPU.Build.0 = Debug|Any CPU
		{AD4220D1-5C9F-4ABB-B1B2-76902E7C0948}.DVD-5|ARM.ActiveCfg = Debug|Any CPU
		{AD4220D1-5C9F-4ABB-B1B2-76902E7C0948}.DVD-5|x86.ActiveCfg = Debug|Any CPU
		{AD4220D1-5C9F-4ABB-B1B2-76902E7C0948}.Release|Any CPU.ActiveCfg = Release|Any CPU
		{AD4220D1-5C9F-4ABB-B1B2-76902E7C0948}.Release|Any CPU.Build.0 = Release|Any CPU
		{AD4220D1-5C9F-4ABB-B1B2-76902E7C0948}.Release|ARM.ActiveCfg = Release|Any CPU
		{AD4220D1-5C9F-4ABB-B1B2-76902E7C0948}.Release|x86.ActiveCfg = Release|Any CPU
		{AD4220D1-5C9F-4ABB-B1B2-76902E7C0948}.SingleImage|Any CPU.ActiveCfg = Release|Any CPU
		{AD4220D1-5C9F-4ABB-B1B2-76902E7C0948}.SingleImage|Any CPU.Build.0 = Release|Any CPU
		{AD4220D1-5C9F-4ABB-B1B2-76902E7C0948}.SingleImage|ARM.ActiveCfg = Release|Any CPU
		{AD4220D1-5C9F-4ABB-B1B2-76902E7C0948}.SingleImage|x86.ActiveCfg = Release|Any CPU
		{33DE89FC-13F5-4BE0-ACDA-9EB6BCE9EABD}.CD_ROM|Any CPU.ActiveCfg = Release|Any CPU
		{33DE89FC-13F5-4BE0-ACDA-9EB6BCE9EABD}.CD_ROM|Any CPU.Build.0 = Release|Any CPU
		{33DE89FC-13F5-4BE0-ACDA-9EB6BCE9EABD}.CD_ROM|ARM.ActiveCfg = Release|Any CPU
		{33DE89FC-13F5-4BE0-ACDA-9EB6BCE9EABD}.CD_ROM|x86.ActiveCfg = Release|Any CPU
		{33DE89FC-13F5-4BE0-ACDA-9EB6BCE9EABD}.Debug|Any CPU.ActiveCfg = Debug|Any CPU
		{33DE89FC-13F5-4BE0-ACDA-9EB6BCE9EABD}.Debug|Any CPU.Build.0 = Debug|Any CPU
		{33DE89FC-13F5-4BE0-ACDA-9EB6BCE9EABD}.Debug|ARM.ActiveCfg = Debug|Any CPU
		{33DE89FC-13F5-4BE0-ACDA-9EB6BCE9EABD}.Debug|x86.ActiveCfg = Debug|Any CPU
		{33DE89FC-13F5-4BE0-ACDA-9EB6BCE9EABD}.DVD-5|Any CPU.ActiveCfg = Debug|Any CPU
		{33DE89FC-13F5-4BE0-ACDA-9EB6BCE9EABD}.DVD-5|Any CPU.Build.0 = Debug|Any CPU
		{33DE89FC-13F5-4BE0-ACDA-9EB6BCE9EABD}.DVD-5|ARM.ActiveCfg = Debug|Any CPU
		{33DE89FC-13F5-4BE0-ACDA-9EB6BCE9EABD}.DVD-5|x86.ActiveCfg = Debug|Any CPU
		{33DE89FC-13F5-4BE0-ACDA-9EB6BCE9EABD}.Release|Any CPU.ActiveCfg = Release|Any CPU
		{33DE89FC-13F5-4BE0-ACDA-9EB6BCE9EABD}.Release|Any CPU.Build.0 = Release|Any CPU
		{33DE89FC-13F5-4BE0-ACDA-9EB6BCE9EABD}.Release|ARM.ActiveCfg = Release|Any CPU
		{33DE89FC-13F5-4BE0-ACDA-9EB6BCE9EABD}.Release|x86.ActiveCfg = Release|Any CPU
		{33DE89FC-13F5-4BE0-ACDA-9EB6BCE9EABD}.SingleImage|Any CPU.ActiveCfg = Release|Any CPU
		{33DE89FC-13F5-4BE0-ACDA-9EB6BCE9EABD}.SingleImage|Any CPU.Build.0 = Release|Any CPU
		{33DE89FC-13F5-4BE0-ACDA-9EB6BCE9EABD}.SingleImage|ARM.ActiveCfg = Release|Any CPU
		{33DE89FC-13F5-4BE0-ACDA-9EB6BCE9EABD}.SingleImage|x86.ActiveCfg = Release|Any CPU
		{14AE7B33-D1C8-44ED-844E-EC29343C52B7}.CD_ROM|Any CPU.ActiveCfg = Release|Any CPU
		{14AE7B33-D1C8-44ED-844E-EC29343C52B7}.CD_ROM|Any CPU.Build.0 = Release|Any CPU
		{14AE7B33-D1C8-44ED-844E-EC29343C52B7}.CD_ROM|ARM.ActiveCfg = Release|Any CPU
		{14AE7B33-D1C8-44ED-844E-EC29343C52B7}.CD_ROM|x86.ActiveCfg = Release|Any CPU
		{14AE7B33-D1C8-44ED-844E-EC29343C52B7}.Debug|Any CPU.ActiveCfg = Debug|Any CPU
		{14AE7B33-D1C8-44ED-844E-EC29343C52B7}.Debug|Any CPU.Build.0 = Debug|Any CPU
		{14AE7B33-D1C8-44ED-844E-EC29343C52B7}.Debug|ARM.ActiveCfg = Debug|Any CPU
		{14AE7B33-D1C8-44ED-844E-EC29343C52B7}.Debug|x86.ActiveCfg = Debug|Any CPU
		{14AE7B33-D1C8-44ED-844E-EC29343C52B7}.DVD-5|Any CPU.ActiveCfg = Debug|Any CPU
		{14AE7B33-D1C8-44ED-844E-EC29343C52B7}.DVD-5|Any CPU.Build.0 = Debug|Any CPU
		{14AE7B33-D1C8-44ED-844E-EC29343C52B7}.DVD-5|ARM.ActiveCfg = Debug|Any CPU
		{14AE7B33-D1C8-44ED-844E-EC29343C52B7}.DVD-5|x86.ActiveCfg = Debug|Any CPU
		{14AE7B33-D1C8-44ED-844E-EC29343C52B7}.Release|Any CPU.ActiveCfg = Release|Any CPU
		{14AE7B33-D1C8-44ED-844E-EC29343C52B7}.Release|Any CPU.Build.0 = Release|Any CPU
		{14AE7B33-D1C8-44ED-844E-EC29343C52B7}.Release|ARM.ActiveCfg = Release|Any CPU
		{14AE7B33-D1C8-44ED-844E-EC29343C52B7}.Release|x86.ActiveCfg = Release|Any CPU
		{14AE7B33-D1C8-44ED-844E-EC29343C52B7}.SingleImage|Any CPU.ActiveCfg = Release|Any CPU
		{14AE7B33-D1C8-44ED-844E-EC29343C52B7}.SingleImage|Any CPU.Build.0 = Release|Any CPU
		{14AE7B33-D1C8-44ED-844E-EC29343C52B7}.SingleImage|ARM.ActiveCfg = Release|Any CPU
		{14AE7B33-D1C8-44ED-844E-EC29343C52B7}.SingleImage|x86.ActiveCfg = Release|Any CPU
		{591BA8B5-73AC-490F-B449-E4CB10A130FC}.CD_ROM|Any CPU.ActiveCfg = Release|Any CPU
		{591BA8B5-73AC-490F-B449-E4CB10A130FC}.CD_ROM|Any CPU.Build.0 = Release|Any CPU
		{591BA8B5-73AC-490F-B449-E4CB10A130FC}.CD_ROM|ARM.ActiveCfg = Release|Any CPU
		{591BA8B5-73AC-490F-B449-E4CB10A130FC}.CD_ROM|x86.ActiveCfg = Release|Any CPU
		{591BA8B5-73AC-490F-B449-E4CB10A130FC}.Debug|Any CPU.ActiveCfg = Debug|Any CPU
		{591BA8B5-73AC-490F-B449-E4CB10A130FC}.Debug|Any CPU.Build.0 = Debug|Any CPU
		{591BA8B5-73AC-490F-B449-E4CB10A130FC}.Debug|ARM.ActiveCfg = Debug|Any CPU
		{591BA8B5-73AC-490F-B449-E4CB10A130FC}.Debug|x86.ActiveCfg = Debug|Any CPU
		{591BA8B5-73AC-490F-B449-E4CB10A130FC}.DVD-5|Any CPU.ActiveCfg = Debug|Any CPU
		{591BA8B5-73AC-490F-B449-E4CB10A130FC}.DVD-5|Any CPU.Build.0 = Debug|Any CPU
		{591BA8B5-73AC-490F-B449-E4CB10A130FC}.DVD-5|ARM.ActiveCfg = Debug|Any CPU
		{591BA8B5-73AC-490F-B449-E4CB10A130FC}.DVD-5|x86.ActiveCfg = Debug|Any CPU
		{591BA8B5-73AC-490F-B449-E4CB10A130FC}.Release|Any CPU.ActiveCfg = Release|Any CPU
		{591BA8B5-73AC-490F-B449-E4CB10A130FC}.Release|Any CPU.Build.0 = Release|Any CPU
		{591BA8B5-73AC-490F-B449-E4CB10A130FC}.Release|ARM.ActiveCfg = Release|Any CPU
		{591BA8B5-73AC-490F-B449-E4CB10A130FC}.Release|x86.ActiveCfg = Release|Any CPU
		{591BA8B5-73AC-490F-B449-E4CB10A130FC}.SingleImage|Any CPU.ActiveCfg = Release|Any CPU
		{591BA8B5-73AC-490F-B449-E4CB10A130FC}.SingleImage|Any CPU.Build.0 = Release|Any CPU
		{591BA8B5-73AC-490F-B449-E4CB10A130FC}.SingleImage|ARM.ActiveCfg = Release|Any CPU
		{591BA8B5-73AC-490F-B449-E4CB10A130FC}.SingleImage|x86.ActiveCfg = Release|Any CPU
		{502F87C6-78F7-40D4-BD10-58F7ABFBA459}.CD_ROM|Any CPU.ActiveCfg = Release|Any CPU
		{502F87C6-78F7-40D4-BD10-58F7ABFBA459}.CD_ROM|Any CPU.Build.0 = Release|Any CPU
		{502F87C6-78F7-40D4-BD10-58F7ABFBA459}.CD_ROM|ARM.ActiveCfg = Release|Any CPU
		{502F87C6-78F7-40D4-BD10-58F7ABFBA459}.CD_ROM|x86.ActiveCfg = Release|Any CPU
		{502F87C6-78F7-40D4-BD10-58F7ABFBA459}.Debug|Any CPU.ActiveCfg = Debug|Any CPU
		{502F87C6-78F7-40D4-BD10-58F7ABFBA459}.Debug|Any CPU.Build.0 = Debug|Any CPU
		{502F87C6-78F7-40D4-BD10-58F7ABFBA459}.Debug|ARM.ActiveCfg = Debug|Any CPU
		{502F87C6-78F7-40D4-BD10-58F7ABFBA459}.Debug|x86.ActiveCfg = Debug|Any CPU
		{502F87C6-78F7-40D4-BD10-58F7ABFBA459}.DVD-5|Any CPU.ActiveCfg = Debug|Any CPU
		{502F87C6-78F7-40D4-BD10-58F7ABFBA459}.DVD-5|Any CPU.Build.0 = Debug|Any CPU
		{502F87C6-78F7-40D4-BD10-58F7ABFBA459}.DVD-5|ARM.ActiveCfg = Debug|Any CPU
		{502F87C6-78F7-40D4-BD10-58F7ABFBA459}.DVD-5|x86.ActiveCfg = Debug|Any CPU
		{502F87C6-78F7-40D4-BD10-58F7ABFBA459}.Release|Any CPU.ActiveCfg = Release|Any CPU
		{502F87C6-78F7-40D4-BD10-58F7ABFBA459}.Release|Any CPU.Build.0 = Release|Any CPU
		{502F87C6-78F7-40D4-BD10-58F7ABFBA459}.Release|ARM.ActiveCfg = Release|Any CPU
		{502F87C6-78F7-40D4-BD10-58F7ABFBA459}.Release|x86.ActiveCfg = Release|Any CPU
		{502F87C6-78F7-40D4-BD10-58F7ABFBA459}.SingleImage|Any CPU.ActiveCfg = Release|Any CPU
		{502F87C6-78F7-40D4-BD10-58F7ABFBA459}.SingleImage|Any CPU.Build.0 = Release|Any CPU
		{502F87C6-78F7-40D4-BD10-58F7ABFBA459}.SingleImage|ARM.ActiveCfg = Release|Any CPU
		{502F87C6-78F7-40D4-BD10-58F7ABFBA459}.SingleImage|x86.ActiveCfg = Release|Any CPU
		{52EF630F-3420-471F-AC92-8089474F3EB9}.CD_ROM|Any CPU.ActiveCfg = Release|Any CPU
		{52EF630F-3420-471F-AC92-8089474F3EB9}.CD_ROM|Any CPU.Build.0 = Release|Any CPU
		{52EF630F-3420-471F-AC92-8089474F3EB9}.CD_ROM|ARM.ActiveCfg = Release|Any CPU
		{52EF630F-3420-471F-AC92-8089474F3EB9}.CD_ROM|x86.ActiveCfg = Release|Any CPU
		{52EF630F-3420-471F-AC92-8089474F3EB9}.Debug|Any CPU.ActiveCfg = Debug|Any CPU
		{52EF630F-3420-471F-AC92-8089474F3EB9}.Debug|Any CPU.Build.0 = Debug|Any CPU
		{52EF630F-3420-471F-AC92-8089474F3EB9}.Debug|ARM.ActiveCfg = Debug|Any CPU
		{52EF630F-3420-471F-AC92-8089474F3EB9}.Debug|x86.ActiveCfg = Debug|Any CPU
		{52EF630F-3420-471F-AC92-8089474F3EB9}.DVD-5|Any CPU.ActiveCfg = Debug|Any CPU
		{52EF630F-3420-471F-AC92-8089474F3EB9}.DVD-5|Any CPU.Build.0 = Debug|Any CPU
		{52EF630F-3420-471F-AC92-8089474F3EB9}.DVD-5|ARM.ActiveCfg = Debug|Any CPU
		{52EF630F-3420-471F-AC92-8089474F3EB9}.DVD-5|x86.ActiveCfg = Debug|Any CPU
		{52EF630F-3420-471F-AC92-8089474F3EB9}.Release|Any CPU.ActiveCfg = Release|Any CPU
		{52EF630F-3420-471F-AC92-8089474F3EB9}.Release|Any CPU.Build.0 = Release|Any CPU
		{52EF630F-3420-471F-AC92-8089474F3EB9}.Release|ARM.ActiveCfg = Release|Any CPU
		{52EF630F-3420-471F-AC92-8089474F3EB9}.Release|x86.ActiveCfg = Release|Any CPU
		{52EF630F-3420-471F-AC92-8089474F3EB9}.SingleImage|Any CPU.ActiveCfg = Release|Any CPU
		{52EF630F-3420-471F-AC92-8089474F3EB9}.SingleImage|Any CPU.Build.0 = Release|Any CPU
		{52EF630F-3420-471F-AC92-8089474F3EB9}.SingleImage|ARM.ActiveCfg = Release|Any CPU
		{52EF630F-3420-471F-AC92-8089474F3EB9}.SingleImage|x86.ActiveCfg = Release|Any CPU
		{89C57CF1-5C28-4618-A7BF-5C543C62AAE9}.CD_ROM|Any CPU.ActiveCfg = Release|Any CPU
		{89C57CF1-5C28-4618-A7BF-5C543C62AAE9}.CD_ROM|Any CPU.Build.0 = Release|Any CPU
		{89C57CF1-5C28-4618-A7BF-5C543C62AAE9}.CD_ROM|ARM.ActiveCfg = Release|Any CPU
		{89C57CF1-5C28-4618-A7BF-5C543C62AAE9}.CD_ROM|x86.ActiveCfg = Release|Any CPU
		{89C57CF1-5C28-4618-A7BF-5C543C62AAE9}.Debug|Any CPU.ActiveCfg = Debug|Any CPU
		{89C57CF1-5C28-4618-A7BF-5C543C62AAE9}.Debug|Any CPU.Build.0 = Debug|Any CPU
		{89C57CF1-5C28-4618-A7BF-5C543C62AAE9}.Debug|ARM.ActiveCfg = Debug|Any CPU
		{89C57CF1-5C28-4618-A7BF-5C543C62AAE9}.Debug|x86.ActiveCfg = Debug|Any CPU
		{89C57CF1-5C28-4618-A7BF-5C543C62AAE9}.DVD-5|Any CPU.ActiveCfg = Debug|Any CPU
		{89C57CF1-5C28-4618-A7BF-5C543C62AAE9}.DVD-5|Any CPU.Build.0 = Debug|Any CPU
		{89C57CF1-5C28-4618-A7BF-5C543C62AAE9}.DVD-5|ARM.ActiveCfg = Debug|Any CPU
		{89C57CF1-5C28-4618-A7BF-5C543C62AAE9}.DVD-5|x86.ActiveCfg = Debug|Any CPU
		{89C57CF1-5C28-4618-A7BF-5C543C62AAE9}.Release|Any CPU.ActiveCfg = Release|Any CPU
		{89C57CF1-5C28-4618-A7BF-5C543C62AAE9}.Release|Any CPU.Build.0 = Release|Any CPU
		{89C57CF1-5C28-4618-A7BF-5C543C62AAE9}.Release|ARM.ActiveCfg = Release|Any CPU
		{89C57CF1-5C28-4618-A7BF-5C543C62AAE9}.Release|x86.ActiveCfg = Release|Any CPU
		{89C57CF1-5C28-4618-A7BF-5C543C62AAE9}.SingleImage|Any CPU.ActiveCfg = Release|Any CPU
		{89C57CF1-5C28-4618-A7BF-5C543C62AAE9}.SingleImage|Any CPU.Build.0 = Release|Any CPU
		{89C57CF1-5C28-4618-A7BF-5C543C62AAE9}.SingleImage|ARM.ActiveCfg = Release|Any CPU
		{89C57CF1-5C28-4618-A7BF-5C543C62AAE9}.SingleImage|x86.ActiveCfg = Release|Any CPU
		{E208FC82-424B-457F-8EAD-D8BCD4F4CDEE}.CD_ROM|Any CPU.ActiveCfg = Release
		{E208FC82-424B-457F-8EAD-D8BCD4F4CDEE}.CD_ROM|ARM.ActiveCfg = Release
		{E208FC82-424B-457F-8EAD-D8BCD4F4CDEE}.CD_ROM|x86.ActiveCfg = Release
		{E208FC82-424B-457F-8EAD-D8BCD4F4CDEE}.Debug|Any CPU.ActiveCfg = Debug
		{E208FC82-424B-457F-8EAD-D8BCD4F4CDEE}.Debug|ARM.ActiveCfg = Debug
		{E208FC82-424B-457F-8EAD-D8BCD4F4CDEE}.Debug|x86.ActiveCfg = Debug
		{E208FC82-424B-457F-8EAD-D8BCD4F4CDEE}.DVD-5|Any CPU.ActiveCfg = Debug
		{E208FC82-424B-457F-8EAD-D8BCD4F4CDEE}.DVD-5|ARM.ActiveCfg = Debug
		{E208FC82-424B-457F-8EAD-D8BCD4F4CDEE}.DVD-5|x86.ActiveCfg = Debug
		{E208FC82-424B-457F-8EAD-D8BCD4F4CDEE}.Release|Any CPU.ActiveCfg = Release
		{E208FC82-424B-457F-8EAD-D8BCD4F4CDEE}.Release|ARM.ActiveCfg = Release
		{E208FC82-424B-457F-8EAD-D8BCD4F4CDEE}.Release|x86.ActiveCfg = Release
		{E208FC82-424B-457F-8EAD-D8BCD4F4CDEE}.SingleImage|Any CPU.ActiveCfg = Release
		{E208FC82-424B-457F-8EAD-D8BCD4F4CDEE}.SingleImage|ARM.ActiveCfg = Release
		{E208FC82-424B-457F-8EAD-D8BCD4F4CDEE}.SingleImage|x86.ActiveCfg = Release
		{82CF5F52-F262-4FB0-AF3F-CF29B5677F7E}.CD_ROM|Any CPU.ActiveCfg = Release|Any CPU
		{82CF5F52-F262-4FB0-AF3F-CF29B5677F7E}.CD_ROM|Any CPU.Build.0 = Release|Any CPU
		{82CF5F52-F262-4FB0-AF3F-CF29B5677F7E}.CD_ROM|ARM.ActiveCfg = Release|Any CPU
		{82CF5F52-F262-4FB0-AF3F-CF29B5677F7E}.CD_ROM|x86.ActiveCfg = Release|Any CPU
		{82CF5F52-F262-4FB0-AF3F-CF29B5677F7E}.Debug|Any CPU.ActiveCfg = Debug|Any CPU
		{82CF5F52-F262-4FB0-AF3F-CF29B5677F7E}.Debug|Any CPU.Build.0 = Debug|Any CPU
		{82CF5F52-F262-4FB0-AF3F-CF29B5677F7E}.Debug|ARM.ActiveCfg = Debug|Any CPU
		{82CF5F52-F262-4FB0-AF3F-CF29B5677F7E}.Debug|x86.ActiveCfg = Debug|Any CPU
		{82CF5F52-F262-4FB0-AF3F-CF29B5677F7E}.DVD-5|Any CPU.ActiveCfg = Debug|Any CPU
		{82CF5F52-F262-4FB0-AF3F-CF29B5677F7E}.DVD-5|Any CPU.Build.0 = Debug|Any CPU
		{82CF5F52-F262-4FB0-AF3F-CF29B5677F7E}.DVD-5|ARM.ActiveCfg = Debug|Any CPU
		{82CF5F52-F262-4FB0-AF3F-CF29B5677F7E}.DVD-5|x86.ActiveCfg = Debug|Any CPU
		{82CF5F52-F262-4FB0-AF3F-CF29B5677F7E}.Release|Any CPU.ActiveCfg = Release|Any CPU
		{82CF5F52-F262-4FB0-AF3F-CF29B5677F7E}.Release|Any CPU.Build.0 = Release|Any CPU
		{82CF5F52-F262-4FB0-AF3F-CF29B5677F7E}.Release|ARM.ActiveCfg = Release|Any CPU
		{82CF5F52-F262-4FB0-AF3F-CF29B5677F7E}.Release|x86.ActiveCfg = Release|Any CPU
		{82CF5F52-F262-4FB0-AF3F-CF29B5677F7E}.SingleImage|Any CPU.ActiveCfg = Release|Any CPU
		{82CF5F52-F262-4FB0-AF3F-CF29B5677F7E}.SingleImage|Any CPU.Build.0 = Release|Any CPU
		{82CF5F52-F262-4FB0-AF3F-CF29B5677F7E}.SingleImage|ARM.ActiveCfg = Release|Any CPU
		{82CF5F52-F262-4FB0-AF3F-CF29B5677F7E}.SingleImage|x86.ActiveCfg = Release|Any CPU
		{4875DB08-A412-40E2-A10C-64C6C68C515E}.CD_ROM|Any CPU.ActiveCfg = Release|Any CPU
		{4875DB08-A412-40E2-A10C-64C6C68C515E}.CD_ROM|Any CPU.Build.0 = Release|Any CPU
		{4875DB08-A412-40E2-A10C-64C6C68C515E}.CD_ROM|ARM.ActiveCfg = Release|Any CPU
		{4875DB08-A412-40E2-A10C-64C6C68C515E}.CD_ROM|x86.ActiveCfg = Release|Any CPU
		{4875DB08-A412-40E2-A10C-64C6C68C515E}.Debug|Any CPU.ActiveCfg = Debug|Any CPU
		{4875DB08-A412-40E2-A10C-64C6C68C515E}.Debug|Any CPU.Build.0 = Debug|Any CPU
		{4875DB08-A412-40E2-A10C-64C6C68C515E}.Debug|ARM.ActiveCfg = Debug|Any CPU
		{4875DB08-A412-40E2-A10C-64C6C68C515E}.Debug|x86.ActiveCfg = Debug|Any CPU
		{4875DB08-A412-40E2-A10C-64C6C68C515E}.DVD-5|Any CPU.ActiveCfg = Debug|Any CPU
		{4875DB08-A412-40E2-A10C-64C6C68C515E}.DVD-5|Any CPU.Build.0 = Debug|Any CPU
		{4875DB08-A412-40E2-A10C-64C6C68C515E}.DVD-5|ARM.ActiveCfg = Debug|Any CPU
		{4875DB08-A412-40E2-A10C-64C6C68C515E}.DVD-5|x86.ActiveCfg = Debug|Any CPU
		{4875DB08-A412-40E2-A10C-64C6C68C515E}.Release|Any CPU.ActiveCfg = Release|Any CPU
		{4875DB08-A412-40E2-A10C-64C6C68C515E}.Release|Any CPU.Build.0 = Release|Any CPU
		{4875DB08-A412-40E2-A10C-64C6C68C515E}.Release|ARM.ActiveCfg = Release|Any CPU
		{4875DB08-A412-40E2-A10C-64C6C68C515E}.Release|x86.ActiveCfg = Release|Any CPU
		{4875DB08-A412-40E2-A10C-64C6C68C515E}.SingleImage|Any CPU.ActiveCfg = Release|Any CPU
		{4875DB08-A412-40E2-A10C-64C6C68C515E}.SingleImage|Any CPU.Build.0 = Release|Any CPU
		{4875DB08-A412-40E2-A10C-64C6C68C515E}.SingleImage|ARM.ActiveCfg = Release|Any CPU
		{4875DB08-A412-40E2-A10C-64C6C68C515E}.SingleImage|x86.ActiveCfg = Release|Any CPU
		{C460DCD8-764B-4BF7-8D43-FCC13B339A22}.CD_ROM|Any CPU.ActiveCfg = Release|Any CPU
		{C460DCD8-764B-4BF7-8D43-FCC13B339A22}.CD_ROM|Any CPU.Build.0 = Release|Any CPU
		{C460DCD8-764B-4BF7-8D43-FCC13B339A22}.CD_ROM|ARM.ActiveCfg = Release|Any CPU
		{C460DCD8-764B-4BF7-8D43-FCC13B339A22}.CD_ROM|x86.ActiveCfg = Release|Any CPU
		{C460DCD8-764B-4BF7-8D43-FCC13B339A22}.Debug|Any CPU.ActiveCfg = Debug|Any CPU
		{C460DCD8-764B-4BF7-8D43-FCC13B339A22}.Debug|Any CPU.Build.0 = Debug|Any CPU
		{C460DCD8-764B-4BF7-8D43-FCC13B339A22}.Debug|ARM.ActiveCfg = Debug|Any CPU
		{C460DCD8-764B-4BF7-8D43-FCC13B339A22}.Debug|x86.ActiveCfg = Debug|Any CPU
		{C460DCD8-764B-4BF7-8D43-FCC13B339A22}.DVD-5|Any CPU.ActiveCfg = Debug|Any CPU
		{C460DCD8-764B-4BF7-8D43-FCC13B339A22}.DVD-5|Any CPU.Build.0 = Debug|Any CPU
		{C460DCD8-764B-4BF7-8D43-FCC13B339A22}.DVD-5|ARM.ActiveCfg = Debug|Any CPU
		{C460DCD8-764B-4BF7-8D43-FCC13B339A22}.DVD-5|x86.ActiveCfg = Debug|Any CPU
		{C460DCD8-764B-4BF7-8D43-FCC13B339A22}.Release|Any CPU.ActiveCfg = Release|Any CPU
		{C460DCD8-764B-4BF7-8D43-FCC13B339A22}.Release|Any CPU.Build.0 = Release|Any CPU
		{C460DCD8-764B-4BF7-8D43-FCC13B339A22}.Release|ARM.ActiveCfg = Release|Any CPU
		{C460DCD8-764B-4BF7-8D43-FCC13B339A22}.Release|x86.ActiveCfg = Release|Any CPU
		{C460DCD8-764B-4BF7-8D43-FCC13B339A22}.SingleImage|Any CPU.ActiveCfg = Release|Any CPU
		{C460DCD8-764B-4BF7-8D43-FCC13B339A22}.SingleImage|Any CPU.Build.0 = Release|Any CPU
		{C460DCD8-764B-4BF7-8D43-FCC13B339A22}.SingleImage|ARM.ActiveCfg = Release|Any CPU
		{C460DCD8-764B-4BF7-8D43-FCC13B339A22}.SingleImage|x86.ActiveCfg = Release|Any CPU
		{DA3CA0BA-DC91-4DA2-A6AC-80DD4189DD8D}.CD_ROM|Any CPU.ActiveCfg = Release|Any CPU
		{DA3CA0BA-DC91-4DA2-A6AC-80DD4189DD8D}.CD_ROM|Any CPU.Build.0 = Release|Any CPU
		{DA3CA0BA-DC91-4DA2-A6AC-80DD4189DD8D}.CD_ROM|ARM.ActiveCfg = Release|Any CPU
		{DA3CA0BA-DC91-4DA2-A6AC-80DD4189DD8D}.CD_ROM|x86.ActiveCfg = Release|Any CPU
		{DA3CA0BA-DC91-4DA2-A6AC-80DD4189DD8D}.Debug|Any CPU.ActiveCfg = Debug|Any CPU
		{DA3CA0BA-DC91-4DA2-A6AC-80DD4189DD8D}.Debug|Any CPU.Build.0 = Debug|Any CPU
		{DA3CA0BA-DC91-4DA2-A6AC-80DD4189DD8D}.Debug|ARM.ActiveCfg = Debug|Any CPU
		{DA3CA0BA-DC91-4DA2-A6AC-80DD4189DD8D}.Debug|x86.ActiveCfg = Debug|Any CPU
		{DA3CA0BA-DC91-4DA2-A6AC-80DD4189DD8D}.DVD-5|Any CPU.ActiveCfg = Debug|Any CPU
		{DA3CA0BA-DC91-4DA2-A6AC-80DD4189DD8D}.DVD-5|Any CPU.Build.0 = Debug|Any CPU
		{DA3CA0BA-DC91-4DA2-A6AC-80DD4189DD8D}.DVD-5|ARM.ActiveCfg = Debug|Any CPU
		{DA3CA0BA-DC91-4DA2-A6AC-80DD4189DD8D}.DVD-5|x86.ActiveCfg = Debug|Any CPU
		{DA3CA0BA-DC91-4DA2-A6AC-80DD4189DD8D}.Release|Any CPU.ActiveCfg = Release|Any CPU
		{DA3CA0BA-DC91-4DA2-A6AC-80DD4189DD8D}.Release|Any CPU.Build.0 = Release|Any CPU
		{DA3CA0BA-DC91-4DA2-A6AC-80DD4189DD8D}.Release|ARM.ActiveCfg = Release|Any CPU
		{DA3CA0BA-DC91-4DA2-A6AC-80DD4189DD8D}.Release|x86.ActiveCfg = Release|Any CPU
		{DA3CA0BA-DC91-4DA2-A6AC-80DD4189DD8D}.SingleImage|Any CPU.ActiveCfg = Release|Any CPU
		{DA3CA0BA-DC91-4DA2-A6AC-80DD4189DD8D}.SingleImage|Any CPU.Build.0 = Release|Any CPU
		{DA3CA0BA-DC91-4DA2-A6AC-80DD4189DD8D}.SingleImage|ARM.ActiveCfg = Release|Any CPU
		{DA3CA0BA-DC91-4DA2-A6AC-80DD4189DD8D}.SingleImage|x86.ActiveCfg = Release|Any CPU
		{18A97875-AD72-4DEC-A705-F912956EBA6C}.CD_ROM|Any CPU.ActiveCfg = Release|Any CPU
		{18A97875-AD72-4DEC-A705-F912956EBA6C}.CD_ROM|Any CPU.Build.0 = Release|Any CPU
		{18A97875-AD72-4DEC-A705-F912956EBA6C}.CD_ROM|ARM.ActiveCfg = Release|Any CPU
		{18A97875-AD72-4DEC-A705-F912956EBA6C}.CD_ROM|x86.ActiveCfg = Release|Any CPU
		{18A97875-AD72-4DEC-A705-F912956EBA6C}.Debug|Any CPU.ActiveCfg = Debug|Any CPU
		{18A97875-AD72-4DEC-A705-F912956EBA6C}.Debug|Any CPU.Build.0 = Debug|Any CPU
		{18A97875-AD72-4DEC-A705-F912956EBA6C}.Debug|ARM.ActiveCfg = Debug|Any CPU
		{18A97875-AD72-4DEC-A705-F912956EBA6C}.Debug|x86.ActiveCfg = Debug|Any CPU
		{18A97875-AD72-4DEC-A705-F912956EBA6C}.DVD-5|Any CPU.ActiveCfg = Debug|Any CPU
		{18A97875-AD72-4DEC-A705-F912956EBA6C}.DVD-5|Any CPU.Build.0 = Debug|Any CPU
		{18A97875-AD72-4DEC-A705-F912956EBA6C}.DVD-5|ARM.ActiveCfg = Debug|Any CPU
		{18A97875-AD72-4DEC-A705-F912956EBA6C}.DVD-5|x86.ActiveCfg = Debug|Any CPU
		{18A97875-AD72-4DEC-A705-F912956EBA6C}.Release|Any CPU.ActiveCfg = Release|Any CPU
		{18A97875-AD72-4DEC-A705-F912956EBA6C}.Release|Any CPU.Build.0 = Release|Any CPU
		{18A97875-AD72-4DEC-A705-F912956EBA6C}.Release|ARM.ActiveCfg = Release|Any CPU
		{18A97875-AD72-4DEC-A705-F912956EBA6C}.Release|x86.ActiveCfg = Release|Any CPU
		{18A97875-AD72-4DEC-A705-F912956EBA6C}.SingleImage|Any CPU.ActiveCfg = Release|Any CPU
		{18A97875-AD72-4DEC-A705-F912956EBA6C}.SingleImage|Any CPU.Build.0 = Release|Any CPU
		{18A97875-AD72-4DEC-A705-F912956EBA6C}.SingleImage|ARM.ActiveCfg = Release|Any CPU
		{18A97875-AD72-4DEC-A705-F912956EBA6C}.SingleImage|x86.ActiveCfg = Release|Any CPU
		{C50237BA-5E2D-49A5-B6B4-18BC31E7548D}.CD_ROM|Any CPU.ActiveCfg = Release|Any CPU
		{C50237BA-5E2D-49A5-B6B4-18BC31E7548D}.CD_ROM|Any CPU.Build.0 = Release|Any CPU
		{C50237BA-5E2D-49A5-B6B4-18BC31E7548D}.CD_ROM|ARM.ActiveCfg = Release|Any CPU
		{C50237BA-5E2D-49A5-B6B4-18BC31E7548D}.CD_ROM|x86.ActiveCfg = Release|Any CPU
		{C50237BA-5E2D-49A5-B6B4-18BC31E7548D}.Debug|Any CPU.ActiveCfg = Debug|Any CPU
		{C50237BA-5E2D-49A5-B6B4-18BC31E7548D}.Debug|Any CPU.Build.0 = Debug|Any CPU
		{C50237BA-5E2D-49A5-B6B4-18BC31E7548D}.Debug|ARM.ActiveCfg = Debug|Any CPU
		{C50237BA-5E2D-49A5-B6B4-18BC31E7548D}.Debug|x86.ActiveCfg = Debug|Any CPU
		{C50237BA-5E2D-49A5-B6B4-18BC31E7548D}.DVD-5|Any CPU.ActiveCfg = Debug|Any CPU
		{C50237BA-5E2D-49A5-B6B4-18BC31E7548D}.DVD-5|Any CPU.Build.0 = Debug|Any CPU
		{C50237BA-5E2D-49A5-B6B4-18BC31E7548D}.DVD-5|ARM.ActiveCfg = Debug|Any CPU
		{C50237BA-5E2D-49A5-B6B4-18BC31E7548D}.DVD-5|x86.ActiveCfg = Debug|Any CPU
		{C50237BA-5E2D-49A5-B6B4-18BC31E7548D}.Release|Any CPU.ActiveCfg = Release|Any CPU
		{C50237BA-5E2D-49A5-B6B4-18BC31E7548D}.Release|Any CPU.Build.0 = Release|Any CPU
		{C50237BA-5E2D-49A5-B6B4-18BC31E7548D}.Release|ARM.ActiveCfg = Release|Any CPU
		{C50237BA-5E2D-49A5-B6B4-18BC31E7548D}.Release|x86.ActiveCfg = Release|Any CPU
		{C50237BA-5E2D-49A5-B6B4-18BC31E7548D}.SingleImage|Any CPU.ActiveCfg = Release|Any CPU
		{C50237BA-5E2D-49A5-B6B4-18BC31E7548D}.SingleImage|Any CPU.Build.0 = Release|Any CPU
		{C50237BA-5E2D-49A5-B6B4-18BC31E7548D}.SingleImage|ARM.ActiveCfg = Release|Any CPU
		{C50237BA-5E2D-49A5-B6B4-18BC31E7548D}.SingleImage|x86.ActiveCfg = Release|Any CPU
		{D953990C-EFFB-42A8-8DA5-4C46DD6D8B85}.CD_ROM|Any CPU.ActiveCfg = Release|Any CPU
		{D953990C-EFFB-42A8-8DA5-4C46DD6D8B85}.CD_ROM|Any CPU.Build.0 = Release|Any CPU
		{D953990C-EFFB-42A8-8DA5-4C46DD6D8B85}.CD_ROM|ARM.ActiveCfg = Release|Any CPU
		{D953990C-EFFB-42A8-8DA5-4C46DD6D8B85}.CD_ROM|x86.ActiveCfg = Release|Any CPU
		{D953990C-EFFB-42A8-8DA5-4C46DD6D8B85}.Debug|Any CPU.ActiveCfg = Debug|Any CPU
		{D953990C-EFFB-42A8-8DA5-4C46DD6D8B85}.Debug|Any CPU.Build.0 = Debug|Any CPU
		{D953990C-EFFB-42A8-8DA5-4C46DD6D8B85}.Debug|ARM.ActiveCfg = Debug|Any CPU
		{D953990C-EFFB-42A8-8DA5-4C46DD6D8B85}.Debug|x86.ActiveCfg = Debug|Any CPU
		{D953990C-EFFB-42A8-8DA5-4C46DD6D8B85}.DVD-5|Any CPU.ActiveCfg = Debug|Any CPU
		{D953990C-EFFB-42A8-8DA5-4C46DD6D8B85}.DVD-5|Any CPU.Build.0 = Debug|Any CPU
		{D953990C-EFFB-42A8-8DA5-4C46DD6D8B85}.DVD-5|ARM.ActiveCfg = Debug|Any CPU
		{D953990C-EFFB-42A8-8DA5-4C46DD6D8B85}.DVD-5|x86.ActiveCfg = Debug|Any CPU
		{D953990C-EFFB-42A8-8DA5-4C46DD6D8B85}.Release|Any CPU.ActiveCfg = Release|Any CPU
		{D953990C-EFFB-42A8-8DA5-4C46DD6D8B85}.Release|Any CPU.Build.0 = Release|Any CPU
		{D953990C-EFFB-42A8-8DA5-4C46DD6D8B85}.Release|ARM.ActiveCfg = Release|Any CPU
		{D953990C-EFFB-42A8-8DA5-4C46DD6D8B85}.Release|x86.ActiveCfg = Release|Any CPU
		{D953990C-EFFB-42A8-8DA5-4C46DD6D8B85}.SingleImage|Any CPU.ActiveCfg = Release|Any CPU
		{D953990C-EFFB-42A8-8DA5-4C46DD6D8B85}.SingleImage|Any CPU.Build.0 = Release|Any CPU
		{D953990C-EFFB-42A8-8DA5-4C46DD6D8B85}.SingleImage|ARM.ActiveCfg = Release|Any CPU
		{D953990C-EFFB-42A8-8DA5-4C46DD6D8B85}.SingleImage|x86.ActiveCfg = Release|Any CPU
		{83AA20B8-FE20-4AB0-9BBD-4C291F8E6D07}.CD_ROM|Any CPU.ActiveCfg = Release|Any CPU
		{83AA20B8-FE20-4AB0-9BBD-4C291F8E6D07}.CD_ROM|Any CPU.Build.0 = Release|Any CPU
		{83AA20B8-FE20-4AB0-9BBD-4C291F8E6D07}.CD_ROM|ARM.ActiveCfg = Release|Any CPU
		{83AA20B8-FE20-4AB0-9BBD-4C291F8E6D07}.CD_ROM|x86.ActiveCfg = Release|Any CPU
		{83AA20B8-FE20-4AB0-9BBD-4C291F8E6D07}.Debug|Any CPU.ActiveCfg = Debug|Any CPU
		{83AA20B8-FE20-4AB0-9BBD-4C291F8E6D07}.Debug|Any CPU.Build.0 = Debug|Any CPU
		{83AA20B8-FE20-4AB0-9BBD-4C291F8E6D07}.Debug|ARM.ActiveCfg = Debug|Any CPU
		{83AA20B8-FE20-4AB0-9BBD-4C291F8E6D07}.Debug|x86.ActiveCfg = Debug|Any CPU
		{83AA20B8-FE20-4AB0-9BBD-4C291F8E6D07}.DVD-5|Any CPU.ActiveCfg = Debug|Any CPU
		{83AA20B8-FE20-4AB0-9BBD-4C291F8E6D07}.DVD-5|Any CPU.Build.0 = Debug|Any CPU
		{83AA20B8-FE20-4AB0-9BBD-4C291F8E6D07}.DVD-5|ARM.ActiveCfg = Debug|Any CPU
		{83AA20B8-FE20-4AB0-9BBD-4C291F8E6D07}.DVD-5|x86.ActiveCfg = Debug|Any CPU
		{83AA20B8-FE20-4AB0-9BBD-4C291F8E6D07}.Release|Any CPU.ActiveCfg = Release|Any CPU
		{83AA20B8-FE20-4AB0-9BBD-4C291F8E6D07}.Release|Any CPU.Build.0 = Release|Any CPU
		{83AA20B8-FE20-4AB0-9BBD-4C291F8E6D07}.Release|ARM.ActiveCfg = Release|Any CPU
		{83AA20B8-FE20-4AB0-9BBD-4C291F8E6D07}.Release|x86.ActiveCfg = Release|Any CPU
		{83AA20B8-FE20-4AB0-9BBD-4C291F8E6D07}.SingleImage|Any CPU.ActiveCfg = Release|Any CPU
		{83AA20B8-FE20-4AB0-9BBD-4C291F8E6D07}.SingleImage|Any CPU.Build.0 = Release|Any CPU
		{83AA20B8-FE20-4AB0-9BBD-4C291F8E6D07}.SingleImage|ARM.ActiveCfg = Release|Any CPU
		{83AA20B8-FE20-4AB0-9BBD-4C291F8E6D07}.SingleImage|x86.ActiveCfg = Release|Any CPU
		{ABA156C6-C646-4BC7-A5D8-80B64690FD55}.CD_ROM|Any CPU.ActiveCfg = Release|Any CPU
		{ABA156C6-C646-4BC7-A5D8-80B64690FD55}.CD_ROM|Any CPU.Build.0 = Release|Any CPU
		{ABA156C6-C646-4BC7-A5D8-80B64690FD55}.CD_ROM|ARM.ActiveCfg = Release|Any CPU
		{ABA156C6-C646-4BC7-A5D8-80B64690FD55}.CD_ROM|x86.ActiveCfg = Release|Any CPU
		{ABA156C6-C646-4BC7-A5D8-80B64690FD55}.Debug|Any CPU.ActiveCfg = Debug|Any CPU
		{ABA156C6-C646-4BC7-A5D8-80B64690FD55}.Debug|Any CPU.Build.0 = Debug|Any CPU
		{ABA156C6-C646-4BC7-A5D8-80B64690FD55}.Debug|ARM.ActiveCfg = Debug|Any CPU
		{ABA156C6-C646-4BC7-A5D8-80B64690FD55}.Debug|x86.ActiveCfg = Debug|Any CPU
		{ABA156C6-C646-4BC7-A5D8-80B64690FD55}.DVD-5|Any CPU.ActiveCfg = Debug|Any CPU
		{ABA156C6-C646-4BC7-A5D8-80B64690FD55}.DVD-5|Any CPU.Build.0 = Debug|Any CPU
		{ABA156C6-C646-4BC7-A5D8-80B64690FD55}.DVD-5|ARM.ActiveCfg = Debug|Any CPU
		{ABA156C6-C646-4BC7-A5D8-80B64690FD55}.DVD-5|x86.ActiveCfg = Debug|Any CPU
		{ABA156C6-C646-4BC7-A5D8-80B64690FD55}.Release|Any CPU.ActiveCfg = Release|Any CPU
		{ABA156C6-C646-4BC7-A5D8-80B64690FD55}.Release|Any CPU.Build.0 = Release|Any CPU
		{ABA156C6-C646-4BC7-A5D8-80B64690FD55}.Release|ARM.ActiveCfg = Release|Any CPU
		{ABA156C6-C646-4BC7-A5D8-80B64690FD55}.Release|x86.ActiveCfg = Release|Any CPU
		{ABA156C6-C646-4BC7-A5D8-80B64690FD55}.SingleImage|Any CPU.ActiveCfg = Release|Any CPU
		{ABA156C6-C646-4BC7-A5D8-80B64690FD55}.SingleImage|Any CPU.Build.0 = Release|Any CPU
		{ABA156C6-C646-4BC7-A5D8-80B64690FD55}.SingleImage|ARM.ActiveCfg = Release|Any CPU
		{ABA156C6-C646-4BC7-A5D8-80B64690FD55}.SingleImage|x86.ActiveCfg = Release|Any CPU
		{3B7A48D5-6FA3-4B4D-B9DC-924284FC7A37}.CD_ROM|Any CPU.ActiveCfg = Release|Any CPU
		{3B7A48D5-6FA3-4B4D-B9DC-924284FC7A37}.CD_ROM|Any CPU.Build.0 = Release|Any CPU
		{3B7A48D5-6FA3-4B4D-B9DC-924284FC7A37}.CD_ROM|ARM.ActiveCfg = Release|Any CPU
		{3B7A48D5-6FA3-4B4D-B9DC-924284FC7A37}.CD_ROM|x86.ActiveCfg = Release|Any CPU
		{3B7A48D5-6FA3-4B4D-B9DC-924284FC7A37}.Debug|Any CPU.ActiveCfg = Debug|Any CPU
		{3B7A48D5-6FA3-4B4D-B9DC-924284FC7A37}.Debug|Any CPU.Build.0 = Debug|Any CPU
		{3B7A48D5-6FA3-4B4D-B9DC-924284FC7A37}.Debug|ARM.ActiveCfg = Debug|Any CPU
		{3B7A48D5-6FA3-4B4D-B9DC-924284FC7A37}.Debug|x86.ActiveCfg = Debug|Any CPU
		{3B7A48D5-6FA3-4B4D-B9DC-924284FC7A37}.DVD-5|Any CPU.ActiveCfg = Debug|Any CPU
		{3B7A48D5-6FA3-4B4D-B9DC-924284FC7A37}.DVD-5|Any CPU.Build.0 = Debug|Any CPU
		{3B7A48D5-6FA3-4B4D-B9DC-924284FC7A37}.DVD-5|ARM.ActiveCfg = Debug|Any CPU
		{3B7A48D5-6FA3-4B4D-B9DC-924284FC7A37}.DVD-5|x86.ActiveCfg = Debug|Any CPU
		{3B7A48D5-6FA3-4B4D-B9DC-924284FC7A37}.Release|Any CPU.ActiveCfg = Release|Any CPU
		{3B7A48D5-6FA3-4B4D-B9DC-924284FC7A37}.Release|Any CPU.Build.0 = Release|Any CPU
		{3B7A48D5-6FA3-4B4D-B9DC-924284FC7A37}.Release|ARM.ActiveCfg = Release|Any CPU
		{3B7A48D5-6FA3-4B4D-B9DC-924284FC7A37}.Release|x86.ActiveCfg = Release|Any CPU
		{3B7A48D5-6FA3-4B4D-B9DC-924284FC7A37}.SingleImage|Any CPU.ActiveCfg = Release|Any CPU
		{3B7A48D5-6FA3-4B4D-B9DC-924284FC7A37}.SingleImage|Any CPU.Build.0 = Release|Any CPU
		{3B7A48D5-6FA3-4B4D-B9DC-924284FC7A37}.SingleImage|ARM.ActiveCfg = Release|Any CPU
		{3B7A48D5-6FA3-4B4D-B9DC-924284FC7A37}.SingleImage|x86.ActiveCfg = Release|Any CPU
		{D85478F2-F263-4D87-B12E-6BBA67BAB048}.CD_ROM|Any CPU.ActiveCfg = Release|Any CPU
		{D85478F2-F263-4D87-B12E-6BBA67BAB048}.CD_ROM|Any CPU.Build.0 = Release|Any CPU
		{D85478F2-F263-4D87-B12E-6BBA67BAB048}.CD_ROM|ARM.ActiveCfg = Release|Any CPU
		{D85478F2-F263-4D87-B12E-6BBA67BAB048}.CD_ROM|x86.ActiveCfg = Release|Any CPU
		{D85478F2-F263-4D87-B12E-6BBA67BAB048}.Debug|Any CPU.ActiveCfg = Debug|Any CPU
		{D85478F2-F263-4D87-B12E-6BBA67BAB048}.Debug|Any CPU.Build.0 = Debug|Any CPU
		{D85478F2-F263-4D87-B12E-6BBA67BAB048}.Debug|ARM.ActiveCfg = Debug|Any CPU
		{D85478F2-F263-4D87-B12E-6BBA67BAB048}.Debug|x86.ActiveCfg = Debug|Any CPU
		{D85478F2-F263-4D87-B12E-6BBA67BAB048}.DVD-5|Any CPU.ActiveCfg = Debug|Any CPU
		{D85478F2-F263-4D87-B12E-6BBA67BAB048}.DVD-5|Any CPU.Build.0 = Debug|Any CPU
		{D85478F2-F263-4D87-B12E-6BBA67BAB048}.DVD-5|ARM.ActiveCfg = Debug|Any CPU
		{D85478F2-F263-4D87-B12E-6BBA67BAB048}.DVD-5|x86.ActiveCfg = Debug|Any CPU
		{D85478F2-F263-4D87-B12E-6BBA67BAB048}.Release|Any CPU.ActiveCfg = Release|Any CPU
		{D85478F2-F263-4D87-B12E-6BBA67BAB048}.Release|Any CPU.Build.0 = Release|Any CPU
		{D85478F2-F263-4D87-B12E-6BBA67BAB048}.Release|ARM.ActiveCfg = Release|Any CPU
		{D85478F2-F263-4D87-B12E-6BBA67BAB048}.Release|x86.ActiveCfg = Release|Any CPU
		{D85478F2-F263-4D87-B12E-6BBA67BAB048}.SingleImage|Any CPU.ActiveCfg = Release|Any CPU
		{D85478F2-F263-4D87-B12E-6BBA67BAB048}.SingleImage|Any CPU.Build.0 = Release|Any CPU
		{D85478F2-F263-4D87-B12E-6BBA67BAB048}.SingleImage|ARM.ActiveCfg = Release|Any CPU
		{D85478F2-F263-4D87-B12E-6BBA67BAB048}.SingleImage|x86.ActiveCfg = Release|Any CPU
	EndGlobalSection
	GlobalSection(SolutionProperties) = preSolution
		HideSolutionNode = FALSE
	EndGlobalSection
EndGlobal
